// !$*UTF8*$!
{
	archiveVersion = 1;
	classes = {
	};
	objectVersion = 46;
	objects = {

/* Begin PBXBuildFile section */
		0CC2F20CD67437C9ECF73001 /* SignInPresenter.swift in Sources */ = {isa = PBXBuildFile; fileRef = 88E64145AA89F6193EF8C8D7 /* SignInPresenter.swift */; };
		0E512888FB9D888DCEF73EA7 /* SignInViewOutput.swift in Sources */ = {isa = PBXBuildFile; fileRef = D09FE2D34DB718460DE501DA /* SignInViewOutput.swift */; };
		22571917863C5E6FCDE8D54D /* StartScreenConfigurator.swift in Sources */ = {isa = PBXBuildFile; fileRef = DA77BDEE744E485DD771FE19 /* StartScreenConfigurator.swift */; };
		27F63E889D3EC6962ABB5375 /* StartScreenViewOutput.swift in Sources */ = {isa = PBXBuildFile; fileRef = 228A6DC0230ACC5E8227D732 /* StartScreenViewOutput.swift */; };
		2B8F183C5A5098F7171E9A53 /* SignInConfigurator.swift in Sources */ = {isa = PBXBuildFile; fileRef = 3908DDFB7AB8F5A758B9FEF8 /* SignInConfigurator.swift */; };
		2E208359546AB28A44529813 /* StartScreenConfiguratorTests.swift in Sources */ = {isa = PBXBuildFile; fileRef = FB66CCD9ACDCC92B7D388354 /* StartScreenConfiguratorTests.swift */; };
		2E83D84F30CBCCD2264FB5F7 /* UserProfileInteractorOutput.swift in Sources */ = {isa = PBXBuildFile; fileRef = 0B234291251035EF9CD00971 /* UserProfileInteractorOutput.swift */; };
		34EBF6B69FA64D35AD03C401 /* StartScreenInteractor.swift in Sources */ = {isa = PBXBuildFile; fileRef = 1FE94F5669FF9A793B408657 /* StartScreenInteractor.swift */; };
		38195C85AAE38DC82002F5F9 /* UserProfileConfiguratorTests.swift in Sources */ = {isa = PBXBuildFile; fileRef = 7EA43120CA4CC9DF06990F36 /* UserProfileConfiguratorTests.swift */; };
		3E3D03914E78897BF3F21252 /* UserProfileFactory.swift in Sources */ = {isa = PBXBuildFile; fileRef = 22336429574D838ABF165755 /* UserProfileFactory.swift */; };
		4679254D1DB92DE700B31EE4 /* AppDelegate.swift in Sources */ = {isa = PBXBuildFile; fileRef = 4679254C1DB92DE700B31EE4 /* AppDelegate.swift */; };
		467925541DB92DE700B31EE4 /* Assets.xcassets in Resources */ = {isa = PBXBuildFile; fileRef = 467925531DB92DE700B31EE4 /* Assets.xcassets */; };
		467925571DB92DE700B31EE4 /* LaunchScreen.storyboard in Resources */ = {isa = PBXBuildFile; fileRef = 467925551DB92DE700B31EE4 /* LaunchScreen.storyboard */; };
		467925781DB92F8E00B31EE4 /* AppRouter.swift in Sources */ = {isa = PBXBuildFile; fileRef = 467925751DB92F8E00B31EE4 /* AppRouter.swift */; };
		467925791DB92F8E00B31EE4 /* ModuleFactoryProtocol.swift in Sources */ = {isa = PBXBuildFile; fileRef = 467925761DB92F8E00B31EE4 /* ModuleFactoryProtocol.swift */; };
		4679257A1DB92F8E00B31EE4 /* ModuleInputProtocol.swift in Sources */ = {isa = PBXBuildFile; fileRef = 467925771DB92F8E00B31EE4 /* ModuleInputProtocol.swift */; };
		4679257C1DB933F000B31EE4 /* SignIn.storyboard in Resources */ = {isa = PBXBuildFile; fileRef = 4679257B1DB933F000B31EE4 /* SignIn.storyboard */; };
		4679257E1DB9386F00B31EE4 /* StartScreen.storyboard in Resources */ = {isa = PBXBuildFile; fileRef = 4679257D1DB9386F00B31EE4 /* StartScreen.storyboard */; };
		644EC00BE9CD7D8DA7F97376 /* UserProfileInteractorInput.swift in Sources */ = {isa = PBXBuildFile; fileRef = 663B5887702B535101964540 /* UserProfileInteractorInput.swift */; };
		6F40ADEF3C60620321C3AD1E /* SignInViewController.swift in Sources */ = {isa = PBXBuildFile; fileRef = 64DC4805267F09765978BC59 /* SignInViewController.swift */; };
		70BADD94808AE07AC63EC8F2 /* UserProfileConfigurator.swift in Sources */ = {isa = PBXBuildFile; fileRef = EF5B0AE5B196BB40E9A98B42 /* UserProfileConfigurator.swift */; };
		7C057381CAFF310548B246A6 /* SignInFactory.swift in Sources */ = {isa = PBXBuildFile; fileRef = DAAFBFAAD763350018957275 /* SignInFactory.swift */; };
		7F172971D6762B34518B2209 /* StartScreenFactory.swift in Sources */ = {isa = PBXBuildFile; fileRef = 099F99466C2278B3D6669CE8 /* StartScreenFactory.swift */; };
		8D611DB1FADE8FF13678B78C /* UserProfileViewOutput.swift in Sources */ = {isa = PBXBuildFile; fileRef = 933EEAD610C3E11D502D8310 /* UserProfileViewOutput.swift */; };
		8FB8087849F7F91E487BA3A9 /* SignInConfiguratorTests.swift in Sources */ = {isa = PBXBuildFile; fileRef = AEC68F6D266AFB99577C2C8E /* SignInConfiguratorTests.swift */; };
		973BBA6205A32A0C372DFAE6 /* Pods_CleanSwiftSample.framework in Frameworks */ = {isa = PBXBuildFile; fileRef = ACFB4292F2D7B6C9EF7F029A /* Pods_CleanSwiftSample.framework */; };
		9CAB5A1B00833F9311B999A6 /* UserProfileInitializer.swift in Sources */ = {isa = PBXBuildFile; fileRef = 3A31A127E3CC7B89D22D0E22 /* UserProfileInitializer.swift */; };
		9D579959C46EF1D97E072EDD /* UserProfileInteractor.swift in Sources */ = {isa = PBXBuildFile; fileRef = 2534BA72A55827FCD0675765 /* UserProfileInteractor.swift */; };
		9EA1E5F7F48384CC1BD4CAC9 /* StartScreenViewController.swift in Sources */ = {isa = PBXBuildFile; fileRef = EC04627ECE0BA879F0C6C5EE /* StartScreenViewController.swift */; };
		AA491F495BC43417BAC6B950 /* StartScreenInteractorOutput.swift in Sources */ = {isa = PBXBuildFile; fileRef = F2505022AE99F5667E20715C /* StartScreenInteractorOutput.swift */; };
		B7A211E0DE502997396D0F49 /* SignInInteractorTests.swift in Sources */ = {isa = PBXBuildFile; fileRef = C629695DC9C4EE759B61F2AC /* SignInInteractorTests.swift */; };
		B8269B257BC0BB8B8521F50E /* UserProfileViewController.swift in Sources */ = {isa = PBXBuildFile; fileRef = 0206257BD0041D855CFB2139 /* UserProfileViewController.swift */; };
		BE735BDA1F9439F83D3A2198 /* StartScreenInteractorTests.swift in Sources */ = {isa = PBXBuildFile; fileRef = 92F8EFC20A12CA08595ED029 /* StartScreenInteractorTests.swift */; };
		C4695DFDBDFA9E603C2649C8 /* SignInViewInput.swift in Sources */ = {isa = PBXBuildFile; fileRef = D6E0C80B0EEFF3608A4B1D49 /* SignInViewInput.swift */; };
		CA441086DFD460F464013379 /* UserProfilePresenter.swift in Sources */ = {isa = PBXBuildFile; fileRef = C28BEDE98E67C471386B72F8 /* UserProfilePresenter.swift */; };
		CB654DE43F7A0744E48C8EE7 /* StartScreenPresenter.swift in Sources */ = {isa = PBXBuildFile; fileRef = 142FB4648C96C43FF8139CC2 /* StartScreenPresenter.swift */; };
		CC057B4B5C2CD3A509E9DC05 /* SignInInteractor.swift in Sources */ = {isa = PBXBuildFile; fileRef = 52647A4EA0437794F7CB1149 /* SignInInteractor.swift */; };
		CF1858883F41A3B261CDE79F /* StartScreenInitializer.swift in Sources */ = {isa = PBXBuildFile; fileRef = 4540E3A3E405305788CB0822 /* StartScreenInitializer.swift */; };
		CF47709CBC808D217834E61D /* StartScreenViewInput.swift in Sources */ = {isa = PBXBuildFile; fileRef = 43B0A29EBE141EA43EA94182 /* StartScreenViewInput.swift */; };
		D41A784976DF22290AAD53C9 /* UserProfileViewInput.swift in Sources */ = {isa = PBXBuildFile; fileRef = C124F9BA3D927A7D1CC8E7E1 /* UserProfileViewInput.swift */; };
		DEB4604C9094DA3FA1BFBA37 /* SignInInteractorInput.swift in Sources */ = {isa = PBXBuildFile; fileRef = 02BF33BFA8BEA68498EDD4BA /* SignInInteractorInput.swift */; };
		E01610A30B9FE9A661746778 /* UserProfileInteractorTests.swift in Sources */ = {isa = PBXBuildFile; fileRef = DBB2057A98A6DDDBEA515F12 /* UserProfileInteractorTests.swift */; };
		EA25FA2DBC0E878A57118AFE /* SignInInitializer.swift in Sources */ = {isa = PBXBuildFile; fileRef = C3870D2AD46928CACBD19F29 /* SignInInitializer.swift */; };
		EBC54FB20E4E34B2DE52735E /* SignInInteractorOutput.swift in Sources */ = {isa = PBXBuildFile; fileRef = 4378B2391C0FF6347365EB8E /* SignInInteractorOutput.swift */; };
		FA90F724EAEA076E87D1648D /* Pods_CleanSwiftSampleTests.framework in Frameworks */ = {isa = PBXBuildFile; fileRef = 3832E473BC362BDB07A4E90F /* Pods_CleanSwiftSampleTests.framework */; };
		FB7D54B726468FC17EF62BB4 /* StartScreenInteractorInput.swift in Sources */ = {isa = PBXBuildFile; fileRef = 6D1B2EAE5F0163C6B08F41B8 /* StartScreenInteractorInput.swift */; };
/* End PBXBuildFile section */

/* Begin PBXContainerItemProxy section */
		4679255E1DB92DE700B31EE4 /* PBXContainerItemProxy */ = {
			isa = PBXContainerItemProxy;
			containerPortal = 467925411DB92DE700B31EE4 /* Project object */;
			proxyType = 1;
			remoteGlobalIDString = 467925481DB92DE700B31EE4;
			remoteInfo = CleanSwiftSample;
		};
/* End PBXContainerItemProxy section */

/* Begin PBXFileReference section */
		0206257BD0041D855CFB2139 /* UserProfileViewController.swift */ = {isa = PBXFileReference; includeInIndex = 1; lastKnownFileType = sourcecode.swift; path = UserProfileViewController.swift; sourceTree = "<group>"; };
		02BF33BFA8BEA68498EDD4BA /* SignInInteractorInput.swift */ = {isa = PBXFileReference; includeInIndex = 1; lastKnownFileType = sourcecode.swift; path = SignInInteractorInput.swift; sourceTree = "<group>"; };
		099F99466C2278B3D6669CE8 /* StartScreenFactory.swift */ = {isa = PBXFileReference; includeInIndex = 1; lastKnownFileType = sourcecode.swift; path = StartScreenFactory.swift; sourceTree = "<group>"; };
		0B234291251035EF9CD00971 /* UserProfileInteractorOutput.swift */ = {isa = PBXFileReference; includeInIndex = 1; lastKnownFileType = sourcecode.swift; path = UserProfileInteractorOutput.swift; sourceTree = "<group>"; };
		142FB4648C96C43FF8139CC2 /* StartScreenPresenter.swift */ = {isa = PBXFileReference; includeInIndex = 1; lastKnownFileType = sourcecode.swift; path = StartScreenPresenter.swift; sourceTree = "<group>"; };
		1FE94F5669FF9A793B408657 /* StartScreenInteractor.swift */ = {isa = PBXFileReference; includeInIndex = 1; lastKnownFileType = sourcecode.swift; path = StartScreenInteractor.swift; sourceTree = "<group>"; };
		22336429574D838ABF165755 /* UserProfileFactory.swift */ = {isa = PBXFileReference; includeInIndex = 1; lastKnownFileType = sourcecode.swift; path = UserProfileFactory.swift; sourceTree = "<group>"; };
		228A6DC0230ACC5E8227D732 /* StartScreenViewOutput.swift */ = {isa = PBXFileReference; includeInIndex = 1; lastKnownFileType = sourcecode.swift; path = StartScreenViewOutput.swift; sourceTree = "<group>"; };
		2534BA72A55827FCD0675765 /* UserProfileInteractor.swift */ = {isa = PBXFileReference; includeInIndex = 1; lastKnownFileType = sourcecode.swift; path = UserProfileInteractor.swift; sourceTree = "<group>"; };
		3832E473BC362BDB07A4E90F /* Pods_CleanSwiftSampleTests.framework */ = {isa = PBXFileReference; explicitFileType = wrapper.framework; includeInIndex = 0; path = Pods_CleanSwiftSampleTests.framework; sourceTree = BUILT_PRODUCTS_DIR; };
		3908DDFB7AB8F5A758B9FEF8 /* SignInConfigurator.swift */ = {isa = PBXFileReference; includeInIndex = 1; lastKnownFileType = sourcecode.swift; path = SignInConfigurator.swift; sourceTree = "<group>"; };
		3980FFCB944727A629F6969F /* Pods-CleanSwiftSample.release.xcconfig */ = {isa = PBXFileReference; includeInIndex = 1; lastKnownFileType = text.xcconfig; name = "Pods-CleanSwiftSample.release.xcconfig"; path = "Pods/Target Support Files/Pods-CleanSwiftSample/Pods-CleanSwiftSample.release.xcconfig"; sourceTree = "<group>"; };
		3A31A127E3CC7B89D22D0E22 /* UserProfileInitializer.swift */ = {isa = PBXFileReference; includeInIndex = 1; lastKnownFileType = sourcecode.swift; path = UserProfileInitializer.swift; sourceTree = "<group>"; };
		4378B2391C0FF6347365EB8E /* SignInInteractorOutput.swift */ = {isa = PBXFileReference; includeInIndex = 1; lastKnownFileType = sourcecode.swift; path = SignInInteractorOutput.swift; sourceTree = "<group>"; };
		43B0A29EBE141EA43EA94182 /* StartScreenViewInput.swift */ = {isa = PBXFileReference; includeInIndex = 1; lastKnownFileType = sourcecode.swift; path = StartScreenViewInput.swift; sourceTree = "<group>"; };
		4540E3A3E405305788CB0822 /* StartScreenInitializer.swift */ = {isa = PBXFileReference; includeInIndex = 1; lastKnownFileType = sourcecode.swift; path = StartScreenInitializer.swift; sourceTree = "<group>"; };
		467925491DB92DE700B31EE4 /* CleanSwiftSample.app */ = {isa = PBXFileReference; explicitFileType = wrapper.application; includeInIndex = 0; path = CleanSwiftSample.app; sourceTree = BUILT_PRODUCTS_DIR; };
		4679254C1DB92DE700B31EE4 /* AppDelegate.swift */ = {isa = PBXFileReference; lastKnownFileType = sourcecode.swift; path = AppDelegate.swift; sourceTree = "<group>"; };
		467925531DB92DE700B31EE4 /* Assets.xcassets */ = {isa = PBXFileReference; lastKnownFileType = folder.assetcatalog; path = Assets.xcassets; sourceTree = "<group>"; };
		467925561DB92DE700B31EE4 /* Base */ = {isa = PBXFileReference; lastKnownFileType = file.storyboard; name = Base; path = Base.lproj/LaunchScreen.storyboard; sourceTree = "<group>"; };
		467925581DB92DE700B31EE4 /* Info.plist */ = {isa = PBXFileReference; lastKnownFileType = text.plist.xml; path = Info.plist; sourceTree = "<group>"; };
		4679255D1DB92DE700B31EE4 /* CleanSwiftSampleTests.xctest */ = {isa = PBXFileReference; explicitFileType = wrapper.cfbundle; includeInIndex = 0; path = CleanSwiftSampleTests.xctest; sourceTree = BUILT_PRODUCTS_DIR; };
		467925631DB92DE700B31EE4 /* Info.plist */ = {isa = PBXFileReference; lastKnownFileType = text.plist.xml; path = Info.plist; sourceTree = "<group>"; };
		467925751DB92F8E00B31EE4 /* AppRouter.swift */ = {isa = PBXFileReference; fileEncoding = 4; lastKnownFileType = sourcecode.swift; path = AppRouter.swift; sourceTree = "<group>"; };
		467925761DB92F8E00B31EE4 /* ModuleFactoryProtocol.swift */ = {isa = PBXFileReference; fileEncoding = 4; lastKnownFileType = sourcecode.swift; path = ModuleFactoryProtocol.swift; sourceTree = "<group>"; };
		467925771DB92F8E00B31EE4 /* ModuleInputProtocol.swift */ = {isa = PBXFileReference; fileEncoding = 4; lastKnownFileType = sourcecode.swift; path = ModuleInputProtocol.swift; sourceTree = "<group>"; };
		4679257B1DB933F000B31EE4 /* SignIn.storyboard */ = {isa = PBXFileReference; fileEncoding = 4; lastKnownFileType = file.storyboard; path = SignIn.storyboard; sourceTree = "<group>"; };
		4679257D1DB9386F00B31EE4 /* StartScreen.storyboard */ = {isa = PBXFileReference; fileEncoding = 4; lastKnownFileType = file.storyboard; path = StartScreen.storyboard; sourceTree = "<group>"; };
		51AAACAB53D5CABEA92B46E0 /* Pods-CleanSwiftSampleTests.release.xcconfig */ = {isa = PBXFileReference; includeInIndex = 1; lastKnownFileType = text.xcconfig; name = "Pods-CleanSwiftSampleTests.release.xcconfig"; path = "Pods/Target Support Files/Pods-CleanSwiftSampleTests/Pods-CleanSwiftSampleTests.release.xcconfig"; sourceTree = "<group>"; };
		52647A4EA0437794F7CB1149 /* SignInInteractor.swift */ = {isa = PBXFileReference; includeInIndex = 1; lastKnownFileType = sourcecode.swift; path = SignInInteractor.swift; sourceTree = "<group>"; };
		64DC4805267F09765978BC59 /* SignInViewController.swift */ = {isa = PBXFileReference; includeInIndex = 1; lastKnownFileType = sourcecode.swift; path = SignInViewController.swift; sourceTree = "<group>"; };
		663B5887702B535101964540 /* UserProfileInteractorInput.swift */ = {isa = PBXFileReference; includeInIndex = 1; lastKnownFileType = sourcecode.swift; path = UserProfileInteractorInput.swift; sourceTree = "<group>"; };
		68F21CEDB4E9EE5D021E683A /* Pods-CleanSwiftSampleTests.debug.xcconfig */ = {isa = PBXFileReference; includeInIndex = 1; lastKnownFileType = text.xcconfig; name = "Pods-CleanSwiftSampleTests.debug.xcconfig"; path = "Pods/Target Support Files/Pods-CleanSwiftSampleTests/Pods-CleanSwiftSampleTests.debug.xcconfig"; sourceTree = "<group>"; };
		6D1B2EAE5F0163C6B08F41B8 /* StartScreenInteractorInput.swift */ = {isa = PBXFileReference; includeInIndex = 1; lastKnownFileType = sourcecode.swift; path = StartScreenInteractorInput.swift; sourceTree = "<group>"; };
		7EA43120CA4CC9DF06990F36 /* UserProfileConfiguratorTests.swift */ = {isa = PBXFileReference; includeInIndex = 1; lastKnownFileType = sourcecode.swift; path = UserProfileConfiguratorTests.swift; sourceTree = "<group>"; };
		88E64145AA89F6193EF8C8D7 /* SignInPresenter.swift */ = {isa = PBXFileReference; includeInIndex = 1; lastKnownFileType = sourcecode.swift; path = SignInPresenter.swift; sourceTree = "<group>"; };
		92F8EFC20A12CA08595ED029 /* StartScreenInteractorTests.swift */ = {isa = PBXFileReference; includeInIndex = 1; lastKnownFileType = sourcecode.swift; path = StartScreenInteractorTests.swift; sourceTree = "<group>"; };
		933EEAD610C3E11D502D8310 /* UserProfileViewOutput.swift */ = {isa = PBXFileReference; includeInIndex = 1; lastKnownFileType = sourcecode.swift; path = UserProfileViewOutput.swift; sourceTree = "<group>"; };
		A089F3D729395845CDD83513 /* Pods-CleanSwiftSample.debug.xcconfig */ = {isa = PBXFileReference; includeInIndex = 1; lastKnownFileType = text.xcconfig; name = "Pods-CleanSwiftSample.debug.xcconfig"; path = "Pods/Target Support Files/Pods-CleanSwiftSample/Pods-CleanSwiftSample.debug.xcconfig"; sourceTree = "<group>"; };
		ACFB4292F2D7B6C9EF7F029A /* Pods_CleanSwiftSample.framework */ = {isa = PBXFileReference; explicitFileType = wrapper.framework; includeInIndex = 0; path = Pods_CleanSwiftSample.framework; sourceTree = BUILT_PRODUCTS_DIR; };
		AEC68F6D266AFB99577C2C8E /* SignInConfiguratorTests.swift */ = {isa = PBXFileReference; includeInIndex = 1; lastKnownFileType = sourcecode.swift; path = SignInConfiguratorTests.swift; sourceTree = "<group>"; };
		C124F9BA3D927A7D1CC8E7E1 /* UserProfileViewInput.swift */ = {isa = PBXFileReference; includeInIndex = 1; lastKnownFileType = sourcecode.swift; path = UserProfileViewInput.swift; sourceTree = "<group>"; };
		C28BEDE98E67C471386B72F8 /* UserProfilePresenter.swift */ = {isa = PBXFileReference; includeInIndex = 1; lastKnownFileType = sourcecode.swift; path = UserProfilePresenter.swift; sourceTree = "<group>"; };
		C3870D2AD46928CACBD19F29 /* SignInInitializer.swift */ = {isa = PBXFileReference; includeInIndex = 1; lastKnownFileType = sourcecode.swift; path = SignInInitializer.swift; sourceTree = "<group>"; };
		C629695DC9C4EE759B61F2AC /* SignInInteractorTests.swift */ = {isa = PBXFileReference; includeInIndex = 1; lastKnownFileType = sourcecode.swift; path = SignInInteractorTests.swift; sourceTree = "<group>"; };
		D09FE2D34DB718460DE501DA /* SignInViewOutput.swift */ = {isa = PBXFileReference; includeInIndex = 1; lastKnownFileType = sourcecode.swift; path = SignInViewOutput.swift; sourceTree = "<group>"; };
		D6E0C80B0EEFF3608A4B1D49 /* SignInViewInput.swift */ = {isa = PBXFileReference; includeInIndex = 1; lastKnownFileType = sourcecode.swift; path = SignInViewInput.swift; sourceTree = "<group>"; };
		DA77BDEE744E485DD771FE19 /* StartScreenConfigurator.swift */ = {isa = PBXFileReference; includeInIndex = 1; lastKnownFileType = sourcecode.swift; path = StartScreenConfigurator.swift; sourceTree = "<group>"; };
		DAAFBFAAD763350018957275 /* SignInFactory.swift */ = {isa = PBXFileReference; includeInIndex = 1; lastKnownFileType = sourcecode.swift; path = SignInFactory.swift; sourceTree = "<group>"; };
		DBB2057A98A6DDDBEA515F12 /* UserProfileInteractorTests.swift */ = {isa = PBXFileReference; includeInIndex = 1; lastKnownFileType = sourcecode.swift; path = UserProfileInteractorTests.swift; sourceTree = "<group>"; };
		EC04627ECE0BA879F0C6C5EE /* StartScreenViewController.swift */ = {isa = PBXFileReference; includeInIndex = 1; lastKnownFileType = sourcecode.swift; path = StartScreenViewController.swift; sourceTree = "<group>"; };
		EF5B0AE5B196BB40E9A98B42 /* UserProfileConfigurator.swift */ = {isa = PBXFileReference; includeInIndex = 1; lastKnownFileType = sourcecode.swift; path = UserProfileConfigurator.swift; sourceTree = "<group>"; };
		F2505022AE99F5667E20715C /* StartScreenInteractorOutput.swift */ = {isa = PBXFileReference; includeInIndex = 1; lastKnownFileType = sourcecode.swift; path = StartScreenInteractorOutput.swift; sourceTree = "<group>"; };
		FB66CCD9ACDCC92B7D388354 /* StartScreenConfiguratorTests.swift */ = {isa = PBXFileReference; includeInIndex = 1; lastKnownFileType = sourcecode.swift; path = StartScreenConfiguratorTests.swift; sourceTree = "<group>"; };
/* End PBXFileReference section */

/* Begin PBXFrameworksBuildPhase section */
		467925461DB92DE700B31EE4 /* Frameworks */ = {
			isa = PBXFrameworksBuildPhase;
			buildActionMask = 2147483647;
			files = (
				973BBA6205A32A0C372DFAE6 /* Pods_CleanSwiftSample.framework in Frameworks */,
			);
			runOnlyForDeploymentPostprocessing = 0;
		};
		4679255A1DB92DE700B31EE4 /* Frameworks */ = {
			isa = PBXFrameworksBuildPhase;
			buildActionMask = 2147483647;
			files = (
				FA90F724EAEA076E87D1648D /* Pods_CleanSwiftSampleTests.framework in Frameworks */,
			);
			runOnlyForDeploymentPostprocessing = 0;
		};
/* End PBXFrameworksBuildPhase section */

/* Begin PBXGroup section */
		19BD96373E547B9724780B35 /* StartScreen */ = {
			isa = PBXGroup;
			children = (
				BC0146F5EBDF37D1AFCECE0F /* Configurator */,
				1C326A19A7CDD2493A518E3A /* Interactor */,
			);
			path = StartScreen;
			sourceTree = "<group>";
		};
		1C326A19A7CDD2493A518E3A /* Interactor */ = {
			isa = PBXGroup;
			children = (
				92F8EFC20A12CA08595ED029 /* StartScreenInteractorTests.swift */,
			);
			path = Interactor;
			sourceTree = "<group>";
		};
		24668075DEA6800B004C2B94 /* Pods */ = {
			isa = PBXGroup;
			children = (
				A089F3D729395845CDD83513 /* Pods-CleanSwiftSample.debug.xcconfig */,
				3980FFCB944727A629F6969F /* Pods-CleanSwiftSample.release.xcconfig */,
				68F21CEDB4E9EE5D021E683A /* Pods-CleanSwiftSampleTests.debug.xcconfig */,
				51AAACAB53D5CABEA92B46E0 /* Pods-CleanSwiftSampleTests.release.xcconfig */,
			);
			name = Pods;
			sourceTree = "<group>";
		};
		2B08F6609DEA3A7A5A04694C /* UserProfile */ = {
			isa = PBXGroup;
			children = (
				22336429574D838ABF165755 /* UserProfileFactory.swift */,
				EB1A0900E2FE32EF05436BEF /* View */,
				31F130F24BF2F49F48729D59 /* Presenter */,
				E3207B50C0BAE285E36D4884 /* Interactor */,
				54DE850F22F3DBE719D4CD29 /* Configurator */,
			);
			path = UserProfile;
			sourceTree = "<group>";
		};
		2D7A536D7EDC21EDD3D65864 /* Presenter */ = {
			isa = PBXGroup;
			children = (
				142FB4648C96C43FF8139CC2 /* StartScreenPresenter.swift */,
			);
			path = Presenter;
			sourceTree = "<group>";
		};
		31F130F24BF2F49F48729D59 /* Presenter */ = {
			isa = PBXGroup;
			children = (
				C28BEDE98E67C471386B72F8 /* UserProfilePresenter.swift */,
			);
			path = Presenter;
			sourceTree = "<group>";
		};
		467925401DB92DE700B31EE4 = {
			isa = PBXGroup;
			children = (
				4679254B1DB92DE700B31EE4 /* CleanSwiftSample */,
				467925601DB92DE700B31EE4 /* CleanSwiftSampleTests */,
				4679254A1DB92DE700B31EE4 /* Products */,
				24668075DEA6800B004C2B94 /* Pods */,
				C0A3189472174F76CCAD602D /* Frameworks */,
			);
			sourceTree = "<group>";
		};
		4679254A1DB92DE700B31EE4 /* Products */ = {
			isa = PBXGroup;
			children = (
				467925491DB92DE700B31EE4 /* CleanSwiftSample.app */,
				4679255D1DB92DE700B31EE4 /* CleanSwiftSampleTests.xctest */,
			);
			name = Products;
			sourceTree = "<group>";
		};
		4679254B1DB92DE700B31EE4 /* CleanSwiftSample */ = {
			isa = PBXGroup;
			children = (
				467925701DB92F0400B31EE4 /* Core */,
				4679256D1DB92EFC00B31EE4 /* Services */,
				4679256C1DB92EF400B31EE4 /* Presentation */,
				4679254C1DB92DE700B31EE4 /* AppDelegate.swift */,
				467925531DB92DE700B31EE4 /* Assets.xcassets */,
				467925551DB92DE700B31EE4 /* LaunchScreen.storyboard */,
				467925581DB92DE700B31EE4 /* Info.plist */,
			);
			path = CleanSwiftSample;
			sourceTree = "<group>";
		};
		467925601DB92DE700B31EE4 /* CleanSwiftSampleTests */ = {
			isa = PBXGroup;
			children = (
				467925741DB92F3B00B31EE4 /* Core */,
				467925731DB92F3300B31EE4 /* Services */,
				467925721DB92F2C00B31EE4 /* Presentation */,
				467925631DB92DE700B31EE4 /* Info.plist */,
			);
			path = CleanSwiftSampleTests;
			sourceTree = "<group>";
		};
		4679256C1DB92EF400B31EE4 /* Presentation */ = {
			isa = PBXGroup;
			children = (
				FC0056A33E9ACF23F19093DD /* SignIn */,
				7EBB3CA9D01EF3AAF46C0FDE /* StartScreen */,
				2B08F6609DEA3A7A5A04694C /* UserProfile */,
			);
			path = Presentation;
			sourceTree = "<group>";
		};
		4679256D1DB92EFC00B31EE4 /* Services */ = {
			isa = PBXGroup;
			children = (
				4679256E1DB92EFC00B31EE4 /* Settings */,
			);
			path = Services;
			sourceTree = "<group>";
		};
		4679256E1DB92EFC00B31EE4 /* Settings */ = {
			isa = PBXGroup;
			children = (
				4679256F1DB92EFC00B31EE4 /* Impl */,
			);
			path = Settings;
			sourceTree = "<group>";
		};
		4679256F1DB92EFC00B31EE4 /* Impl */ = {
			isa = PBXGroup;
			children = (
			);
			path = Impl;
			sourceTree = "<group>";
		};
		467925701DB92F0400B31EE4 /* Core */ = {
			isa = PBXGroup;
			children = (
				467925711DB92F0400B31EE4 /* Routing */,
			);
			path = Core;
			sourceTree = "<group>";
		};
		467925711DB92F0400B31EE4 /* Routing */ = {
			isa = PBXGroup;
			children = (
				467925761DB92F8E00B31EE4 /* ModuleFactoryProtocol.swift */,
				467925771DB92F8E00B31EE4 /* ModuleInputProtocol.swift */,
				467925751DB92F8E00B31EE4 /* AppRouter.swift */,
			);
			path = Routing;
			sourceTree = "<group>";
		};
		467925721DB92F2C00B31EE4 /* Presentation */ = {
			isa = PBXGroup;
			children = (
				8BB3569B242E8E2D41A0F869 /* SignIn */,
				19BD96373E547B9724780B35 /* StartScreen */,
				C248B5A13366E65A3F05DD69 /* UserProfile */,
			);
			path = Presentation;
			sourceTree = "<group>";
		};
		467925731DB92F3300B31EE4 /* Services */ = {
			isa = PBXGroup;
			children = (
			);
			path = Services;
			sourceTree = "<group>";
		};
		467925741DB92F3B00B31EE4 /* Core */ = {
			isa = PBXGroup;
			children = (
			);
			path = Core;
			sourceTree = "<group>";
		};
		4ACB986C7F93BE668BEB18A1 /* View */ = {
			isa = PBXGroup;
			children = (
				43B0A29EBE141EA43EA94182 /* StartScreenViewInput.swift */,
				228A6DC0230ACC5E8227D732 /* StartScreenViewOutput.swift */,
				EC04627ECE0BA879F0C6C5EE /* StartScreenViewController.swift */,
			);
			path = View;
			sourceTree = "<group>";
		};
		4C71D6B86E8238EB06707512 /* Interactor */ = {
			isa = PBXGroup;
			children = (
				6D1B2EAE5F0163C6B08F41B8 /* StartScreenInteractorInput.swift */,
				F2505022AE99F5667E20715C /* StartScreenInteractorOutput.swift */,
				1FE94F5669FF9A793B408657 /* StartScreenInteractor.swift */,
			);
			path = Interactor;
			sourceTree = "<group>";
		};
		4EB35D1ED356B872D0C7C135 /* Configurator */ = {
			isa = PBXGroup;
			children = (
				7EA43120CA4CC9DF06990F36 /* UserProfileConfiguratorTests.swift */,
			);
			path = Configurator;
			sourceTree = "<group>";
		};
		4FE6991B6893B63753413197 /* Interactor */ = {
			isa = PBXGroup;
			children = (
				02BF33BFA8BEA68498EDD4BA /* SignInInteractorInput.swift */,
				4378B2391C0FF6347365EB8E /* SignInInteractorOutput.swift */,
				52647A4EA0437794F7CB1149 /* SignInInteractor.swift */,
			);
			path = Interactor;
			sourceTree = "<group>";
		};
		54DE850F22F3DBE719D4CD29 /* Configurator */ = {
			isa = PBXGroup;
			children = (
				EF5B0AE5B196BB40E9A98B42 /* UserProfileConfigurator.swift */,
				3A31A127E3CC7B89D22D0E22 /* UserProfileInitializer.swift */,
			);
			path = Configurator;
			sourceTree = "<group>";
		};
		5855934356CD9E53836C0460 /* Interactor */ = {
			isa = PBXGroup;
			children = (
				C629695DC9C4EE759B61F2AC /* SignInInteractorTests.swift */,
			);
			path = Interactor;
			sourceTree = "<group>";
		};
		5F504F2FA896B0101F28F81A /* Presenter */ = {
			isa = PBXGroup;
			children = (
				88E64145AA89F6193EF8C8D7 /* SignInPresenter.swift */,
			);
			path = Presenter;
			sourceTree = "<group>";
		};
		7485EEBFA9B0388711823561 /* Configurator */ = {
			isa = PBXGroup;
			children = (
				DA77BDEE744E485DD771FE19 /* StartScreenConfigurator.swift */,
				4540E3A3E405305788CB0822 /* StartScreenInitializer.swift */,
			);
			path = Configurator;
			sourceTree = "<group>";
		};
		7EBB3CA9D01EF3AAF46C0FDE /* StartScreen */ = {
			isa = PBXGroup;
			children = (
				099F99466C2278B3D6669CE8 /* StartScreenFactory.swift */,
				4679257D1DB9386F00B31EE4 /* StartScreen.storyboard */,
				4ACB986C7F93BE668BEB18A1 /* View */,
				2D7A536D7EDC21EDD3D65864 /* Presenter */,
				4C71D6B86E8238EB06707512 /* Interactor */,
				7485EEBFA9B0388711823561 /* Configurator */,
			);
			path = StartScreen;
			sourceTree = "<group>";
		};
		8BB3569B242E8E2D41A0F869 /* SignIn */ = {
			isa = PBXGroup;
			children = (
				AD0A34DB65F947BF334F0B6A /* Configurator */,
				5855934356CD9E53836C0460 /* Interactor */,
			);
			path = SignIn;
			sourceTree = "<group>";
		};
		9544247322A365457200D52B /* Configurator */ = {
			isa = PBXGroup;
			children = (
				3908DDFB7AB8F5A758B9FEF8 /* SignInConfigurator.swift */,
				C3870D2AD46928CACBD19F29 /* SignInInitializer.swift */,
			);
			path = Configurator;
			sourceTree = "<group>";
		};
		A43F97AF689D2E9828E56F9F /* Interactor */ = {
			isa = PBXGroup;
			children = (
				DBB2057A98A6DDDBEA515F12 /* UserProfileInteractorTests.swift */,
			);
			path = Interactor;
			sourceTree = "<group>";
		};
		AD0A34DB65F947BF334F0B6A /* Configurator */ = {
			isa = PBXGroup;
			children = (
				AEC68F6D266AFB99577C2C8E /* SignInConfiguratorTests.swift */,
			);
			path = Configurator;
			sourceTree = "<group>";
		};
		BC0146F5EBDF37D1AFCECE0F /* Configurator */ = {
			isa = PBXGroup;
			children = (
				FB66CCD9ACDCC92B7D388354 /* StartScreenConfiguratorTests.swift */,
			);
			path = Configurator;
			sourceTree = "<group>";
		};
		C0A3189472174F76CCAD602D /* Frameworks */ = {
			isa = PBXGroup;
			children = (
				ACFB4292F2D7B6C9EF7F029A /* Pods_CleanSwiftSample.framework */,
				3832E473BC362BDB07A4E90F /* Pods_CleanSwiftSampleTests.framework */,
			);
			name = Frameworks;
			sourceTree = "<group>";
		};
		C248B5A13366E65A3F05DD69 /* UserProfile */ = {
			isa = PBXGroup;
			children = (
				4EB35D1ED356B872D0C7C135 /* Configurator */,
				A43F97AF689D2E9828E56F9F /* Interactor */,
			);
			path = UserProfile;
			sourceTree = "<group>";
		};
		C7F8B2E016F699D512359C7D /* View */ = {
			isa = PBXGroup;
			children = (
				D6E0C80B0EEFF3608A4B1D49 /* SignInViewInput.swift */,
				D09FE2D34DB718460DE501DA /* SignInViewOutput.swift */,
				64DC4805267F09765978BC59 /* SignInViewController.swift */,
			);
			path = View;
			sourceTree = "<group>";
		};
		E3207B50C0BAE285E36D4884 /* Interactor */ = {
			isa = PBXGroup;
			children = (
				663B5887702B535101964540 /* UserProfileInteractorInput.swift */,
				0B234291251035EF9CD00971 /* UserProfileInteractorOutput.swift */,
				2534BA72A55827FCD0675765 /* UserProfileInteractor.swift */,
			);
			path = Interactor;
			sourceTree = "<group>";
		};
		EB1A0900E2FE32EF05436BEF /* View */ = {
			isa = PBXGroup;
			children = (
				C124F9BA3D927A7D1CC8E7E1 /* UserProfileViewInput.swift */,
				933EEAD610C3E11D502D8310 /* UserProfileViewOutput.swift */,
				0206257BD0041D855CFB2139 /* UserProfileViewController.swift */,
			);
			path = View;
			sourceTree = "<group>";
		};
		FC0056A33E9ACF23F19093DD /* SignIn */ = {
			isa = PBXGroup;
			children = (
				DAAFBFAAD763350018957275 /* SignInFactory.swift */,
				4679257B1DB933F000B31EE4 /* SignIn.storyboard */,
				C7F8B2E016F699D512359C7D /* View */,
				5F504F2FA896B0101F28F81A /* Presenter */,
				4FE6991B6893B63753413197 /* Interactor */,
				9544247322A365457200D52B /* Configurator */,
			);
			path = SignIn;
			sourceTree = "<group>";
		};
/* End PBXGroup section */

/* Begin PBXNativeTarget section */
		467925481DB92DE700B31EE4 /* CleanSwiftSample */ = {
			isa = PBXNativeTarget;
			buildConfigurationList = 467925661DB92DE700B31EE4 /* Build configuration list for PBXNativeTarget "CleanSwiftSample" */;
			buildPhases = (
				01F95515C2A1829E4B788A5A /* [CP] Check Pods Manifest.lock */,
				467925451DB92DE700B31EE4 /* Sources */,
				467925461DB92DE700B31EE4 /* Frameworks */,
				467925471DB92DE700B31EE4 /* Resources */,
				CCC983BA5A35FC6AFA134367 /* [CP] Embed Pods Frameworks */,
				2359A4CCE4DE04CF225F87A8 /* [CP] Copy Pods Resources */,
			);
			buildRules = (
			);
			dependencies = (
			);
			name = CleanSwiftSample;
			productName = CleanSwiftSample;
			productReference = 467925491DB92DE700B31EE4 /* CleanSwiftSample.app */;
			productType = "com.apple.product-type.application";
		};
		4679255C1DB92DE700B31EE4 /* CleanSwiftSampleTests */ = {
			isa = PBXNativeTarget;
			buildConfigurationList = 467925691DB92DE700B31EE4 /* Build configuration list for PBXNativeTarget "CleanSwiftSampleTests" */;
			buildPhases = (
				67FB47E93D6791A3C1E065C5 /* [CP] Check Pods Manifest.lock */,
				467925591DB92DE700B31EE4 /* Sources */,
				4679255A1DB92DE700B31EE4 /* Frameworks */,
				4679255B1DB92DE700B31EE4 /* Resources */,
				3DFF6CAE2F73867D0665B873 /* [CP] Embed Pods Frameworks */,
				22C954468C2F0F28B5B27405 /* [CP] Copy Pods Resources */,
			);
			buildRules = (
			);
			dependencies = (
				4679255F1DB92DE700B31EE4 /* PBXTargetDependency */,
			);
			name = CleanSwiftSampleTests;
			productName = CleanSwiftSampleTests;
			productReference = 4679255D1DB92DE700B31EE4 /* CleanSwiftSampleTests.xctest */;
			productType = "com.apple.product-type.bundle.unit-test";
		};
/* End PBXNativeTarget section */

/* Begin PBXProject section */
		467925411DB92DE700B31EE4 /* Project object */ = {
			isa = PBXProject;
			attributes = {
				LastSwiftUpdateCheck = 0800;
				LastUpgradeCheck = 0800;
				ORGANIZATIONNAME = gavrilaf;
				TargetAttributes = {
					467925481DB92DE700B31EE4 = {
						CreatedOnToolsVersion = 8.0;
						ProvisioningStyle = Automatic;
					};
					4679255C1DB92DE700B31EE4 = {
						CreatedOnToolsVersion = 8.0;
						ProvisioningStyle = Automatic;
						TestTargetID = 467925481DB92DE700B31EE4;
					};
				};
			};
			buildConfigurationList = 467925441DB92DE700B31EE4 /* Build configuration list for PBXProject "CleanSwiftSample" */;
			compatibilityVersion = "Xcode 3.2";
			developmentRegion = English;
			hasScannedForEncodings = 0;
			knownRegions = (
				en,
				Base,
			);
			mainGroup = 467925401DB92DE700B31EE4;
			productRefGroup = 4679254A1DB92DE700B31EE4 /* Products */;
			projectDirPath = "";
			projectRoot = "";
			targets = (
				467925481DB92DE700B31EE4 /* CleanSwiftSample */,
				4679255C1DB92DE700B31EE4 /* CleanSwiftSampleTests */,
			);
		};
/* End PBXProject section */

/* Begin PBXResourcesBuildPhase section */
		467925471DB92DE700B31EE4 /* Resources */ = {
			isa = PBXResourcesBuildPhase;
			buildActionMask = 2147483647;
			files = (
				467925571DB92DE700B31EE4 /* LaunchScreen.storyboard in Resources */,
				4679257C1DB933F000B31EE4 /* SignIn.storyboard in Resources */,
				467925541DB92DE700B31EE4 /* Assets.xcassets in Resources */,
				4679257E1DB9386F00B31EE4 /* StartScreen.storyboard in Resources */,
			);
			runOnlyForDeploymentPostprocessing = 0;
		};
		4679255B1DB92DE700B31EE4 /* Resources */ = {
			isa = PBXResourcesBuildPhase;
			buildActionMask = 2147483647;
			files = (
			);
			runOnlyForDeploymentPostprocessing = 0;
		};
/* End PBXResourcesBuildPhase section */

/* Begin PBXShellScriptBuildPhase section */
		01F95515C2A1829E4B788A5A /* [CP] Check Pods Manifest.lock */ = {
			isa = PBXShellScriptBuildPhase;
			buildActionMask = 2147483647;
			files = (
			);
			inputPaths = (
			);
			name = "[CP] Check Pods Manifest.lock";
			outputPaths = (
			);
			runOnlyForDeploymentPostprocessing = 0;
			shellPath = /bin/sh;
			shellScript = "diff \"${PODS_ROOT}/../Podfile.lock\" \"${PODS_ROOT}/Manifest.lock\" > /dev/null\nif [ $? != 0 ] ; then\n    # print error to STDERR\n    echo \"error: The sandbox is not in sync with the Podfile.lock. Run 'pod install' or update your CocoaPods installation.\" >&2\n    exit 1\nfi\n";
			showEnvVarsInLog = 0;
		};
		22C954468C2F0F28B5B27405 /* [CP] Copy Pods Resources */ = {
			isa = PBXShellScriptBuildPhase;
			buildActionMask = 2147483647;
			files = (
			);
			inputPaths = (
			);
			name = "[CP] Copy Pods Resources";
			outputPaths = (
			);
			runOnlyForDeploymentPostprocessing = 0;
			shellPath = /bin/sh;
			shellScript = "\"${SRCROOT}/Pods/Target Support Files/Pods-CleanSwiftSampleTests/Pods-CleanSwiftSampleTests-resources.sh\"\n";
			showEnvVarsInLog = 0;
		};
		2359A4CCE4DE04CF225F87A8 /* [CP] Copy Pods Resources */ = {
			isa = PBXShellScriptBuildPhase;
			buildActionMask = 2147483647;
			files = (
			);
			inputPaths = (
			);
			name = "[CP] Copy Pods Resources";
			outputPaths = (
			);
			runOnlyForDeploymentPostprocessing = 0;
			shellPath = /bin/sh;
			shellScript = "\"${SRCROOT}/Pods/Target Support Files/Pods-CleanSwiftSample/Pods-CleanSwiftSample-resources.sh\"\n";
			showEnvVarsInLog = 0;
		};
		3DFF6CAE2F73867D0665B873 /* [CP] Embed Pods Frameworks */ = {
			isa = PBXShellScriptBuildPhase;
			buildActionMask = 2147483647;
			files = (
			);
			inputPaths = (
			);
			name = "[CP] Embed Pods Frameworks";
			outputPaths = (
			);
			runOnlyForDeploymentPostprocessing = 0;
			shellPath = /bin/sh;
			shellScript = "\"${SRCROOT}/Pods/Target Support Files/Pods-CleanSwiftSampleTests/Pods-CleanSwiftSampleTests-frameworks.sh\"\n";
			showEnvVarsInLog = 0;
		};
		67FB47E93D6791A3C1E065C5 /* [CP] Check Pods Manifest.lock */ = {
			isa = PBXShellScriptBuildPhase;
			buildActionMask = 2147483647;
			files = (
			);
			inputPaths = (
			);
			name = "[CP] Check Pods Manifest.lock";
			outputPaths = (
			);
			runOnlyForDeploymentPostprocessing = 0;
			shellPath = /bin/sh;
			shellScript = "diff \"${PODS_ROOT}/../Podfile.lock\" \"${PODS_ROOT}/Manifest.lock\" > /dev/null\nif [ $? != 0 ] ; then\n    # print error to STDERR\n    echo \"error: The sandbox is not in sync with the Podfile.lock. Run 'pod install' or update your CocoaPods installation.\" >&2\n    exit 1\nfi\n";
			showEnvVarsInLog = 0;
		};
		CCC983BA5A35FC6AFA134367 /* [CP] Embed Pods Frameworks */ = {
			isa = PBXShellScriptBuildPhase;
			buildActionMask = 2147483647;
			files = (
			);
			inputPaths = (
			);
			name = "[CP] Embed Pods Frameworks";
			outputPaths = (
			);
			runOnlyForDeploymentPostprocessing = 0;
			shellPath = /bin/sh;
			shellScript = "\"${SRCROOT}/Pods/Target Support Files/Pods-CleanSwiftSample/Pods-CleanSwiftSample-frameworks.sh\"\n";
			showEnvVarsInLog = 0;
		};
/* End PBXShellScriptBuildPhase section */

/* Begin PBXSourcesBuildPhase section */
		467925451DB92DE700B31EE4 /* Sources */ = {
			isa = PBXSourcesBuildPhase;
			buildActionMask = 2147483647;
			files = (
				4679257A1DB92F8E00B31EE4 /* ModuleInputProtocol.swift in Sources */,
				467925781DB92F8E00B31EE4 /* AppRouter.swift in Sources */,
				467925791DB92F8E00B31EE4 /* ModuleFactoryProtocol.swift in Sources */,
				4679254D1DB92DE700B31EE4 /* AppDelegate.swift in Sources */,
				7C057381CAFF310548B246A6 /* SignInFactory.swift in Sources */,
				C4695DFDBDFA9E603C2649C8 /* SignInViewInput.swift in Sources */,
				0E512888FB9D888DCEF73EA7 /* SignInViewOutput.swift in Sources */,
				6F40ADEF3C60620321C3AD1E /* SignInViewController.swift in Sources */,
				0CC2F20CD67437C9ECF73001 /* SignInPresenter.swift in Sources */,
				DEB4604C9094DA3FA1BFBA37 /* SignInInteractorInput.swift in Sources */,
				EBC54FB20E4E34B2DE52735E /* SignInInteractorOutput.swift in Sources */,
				CC057B4B5C2CD3A509E9DC05 /* SignInInteractor.swift in Sources */,
				2B8F183C5A5098F7171E9A53 /* SignInConfigurator.swift in Sources */,
				EA25FA2DBC0E878A57118AFE /* SignInInitializer.swift in Sources */,
				7F172971D6762B34518B2209 /* StartScreenFactory.swift in Sources */,
				CF47709CBC808D217834E61D /* StartScreenViewInput.swift in Sources */,
				27F63E889D3EC6962ABB5375 /* StartScreenViewOutput.swift in Sources */,
				9EA1E5F7F48384CC1BD4CAC9 /* StartScreenViewController.swift in Sources */,
				CB654DE43F7A0744E48C8EE7 /* StartScreenPresenter.swift in Sources */,
				FB7D54B726468FC17EF62BB4 /* StartScreenInteractorInput.swift in Sources */,
				AA491F495BC43417BAC6B950 /* StartScreenInteractorOutput.swift in Sources */,
				34EBF6B69FA64D35AD03C401 /* StartScreenInteractor.swift in Sources */,
				22571917863C5E6FCDE8D54D /* StartScreenConfigurator.swift in Sources */,
				CF1858883F41A3B261CDE79F /* StartScreenInitializer.swift in Sources */,
				3E3D03914E78897BF3F21252 /* UserProfileFactory.swift in Sources */,
				D41A784976DF22290AAD53C9 /* UserProfileViewInput.swift in Sources */,
				8D611DB1FADE8FF13678B78C /* UserProfileViewOutput.swift in Sources */,
				B8269B257BC0BB8B8521F50E /* UserProfileViewController.swift in Sources */,
				CA441086DFD460F464013379 /* UserProfilePresenter.swift in Sources */,
				644EC00BE9CD7D8DA7F97376 /* UserProfileInteractorInput.swift in Sources */,
				2E83D84F30CBCCD2264FB5F7 /* UserProfileInteractorOutput.swift in Sources */,
				9D579959C46EF1D97E072EDD /* UserProfileInteractor.swift in Sources */,
				70BADD94808AE07AC63EC8F2 /* UserProfileConfigurator.swift in Sources */,
				9CAB5A1B00833F9311B999A6 /* UserProfileInitializer.swift in Sources */,
			);
			runOnlyForDeploymentPostprocessing = 0;
		};
		467925591DB92DE700B31EE4 /* Sources */ = {
			isa = PBXSourcesBuildPhase;
			buildActionMask = 2147483647;
			files = (
				8FB8087849F7F91E487BA3A9 /* SignInConfiguratorTests.swift in Sources */,
				B7A211E0DE502997396D0F49 /* SignInInteractorTests.swift in Sources */,
				2E208359546AB28A44529813 /* StartScreenConfiguratorTests.swift in Sources */,
				BE735BDA1F9439F83D3A2198 /* StartScreenInteractorTests.swift in Sources */,
				38195C85AAE38DC82002F5F9 /* UserProfileConfiguratorTests.swift in Sources */,
				E01610A30B9FE9A661746778 /* UserProfileInteractorTests.swift in Sources */,
			);
			runOnlyForDeploymentPostprocessing = 0;
		};
/* End PBXSourcesBuildPhase section */

/* Begin PBXTargetDependency section */
		4679255F1DB92DE700B31EE4 /* PBXTargetDependency */ = {
			isa = PBXTargetDependency;
			target = 467925481DB92DE700B31EE4 /* CleanSwiftSample */;
			targetProxy = 4679255E1DB92DE700B31EE4 /* PBXContainerItemProxy */;
		};
/* End PBXTargetDependency section */

/* Begin PBXVariantGroup section */
		467925551DB92DE700B31EE4 /* LaunchScreen.storyboard */ = {
			isa = PBXVariantGroup;
			children = (
				467925561DB92DE700B31EE4 /* Base */,
			);
			name = LaunchScreen.storyboard;
			sourceTree = "<group>";
		};
/* End PBXVariantGroup section */

/* Begin XCBuildConfiguration section */
		467925641DB92DE700B31EE4 /* Debug */ = {
			isa = XCBuildConfiguration;
			buildSettings = {
				ALWAYS_SEARCH_USER_PATHS = NO;
				CLANG_ANALYZER_NONNULL = YES;
				CLANG_CXX_LANGUAGE_STANDARD = "gnu++0x";
				CLANG_CXX_LIBRARY = "libc++";
				CLANG_ENABLE_MODULES = YES;
				CLANG_ENABLE_OBJC_ARC = YES;
				CLANG_WARN_BOOL_CONVERSION = YES;
				CLANG_WARN_CONSTANT_CONVERSION = YES;
				CLANG_WARN_DIRECT_OBJC_ISA_USAGE = YES_ERROR;
				CLANG_WARN_DOCUMENTATION_COMMENTS = YES;
				CLANG_WARN_EMPTY_BODY = YES;
				CLANG_WARN_ENUM_CONVERSION = YES;
				CLANG_WARN_INFINITE_RECURSION = YES;
				CLANG_WARN_INT_CONVERSION = YES;
				CLANG_WARN_OBJC_ROOT_CLASS = YES_ERROR;
				CLANG_WARN_SUSPICIOUS_MOVES = YES;
				CLANG_WARN_UNREACHABLE_CODE = YES;
				CLANG_WARN__DUPLICATE_METHOD_MATCH = YES;
				"CODE_SIGN_IDENTITY[sdk=iphoneos*]" = "iPhone Developer";
				COPY_PHASE_STRIP = NO;
				DEBUG_INFORMATION_FORMAT = dwarf;
				ENABLE_STRICT_OBJC_MSGSEND = YES;
				ENABLE_TESTABILITY = YES;
				GCC_C_LANGUAGE_STANDARD = gnu99;
				GCC_DYNAMIC_NO_PIC = NO;
				GCC_NO_COMMON_BLOCKS = YES;
				GCC_OPTIMIZATION_LEVEL = 0;
				GCC_PREPROCESSOR_DEFINITIONS = (
					"DEBUG=1",
					"$(inherited)",
				);
				GCC_WARN_64_TO_32_BIT_CONVERSION = YES;
				GCC_WARN_ABOUT_RETURN_TYPE = YES_ERROR;
				GCC_WARN_UNDECLARED_SELECTOR = YES;
				GCC_WARN_UNINITIALIZED_AUTOS = YES_AGGRESSIVE;
				GCC_WARN_UNUSED_FUNCTION = YES;
				GCC_WARN_UNUSED_VARIABLE = YES;
				IPHONEOS_DEPLOYMENT_TARGET = 10.0;
				MTL_ENABLE_DEBUG_INFO = YES;
				ONLY_ACTIVE_ARCH = YES;
				SDKROOT = iphoneos;
				SWIFT_ACTIVE_COMPILATION_CONDITIONS = DEBUG;
				SWIFT_OPTIMIZATION_LEVEL = "-Onone";
				TARGETED_DEVICE_FAMILY = "1,2";
			};
			name = Debug;
		};
		467925651DB92DE700B31EE4 /* Release */ = {
			isa = XCBuildConfiguration;
			buildSettings = {
				ALWAYS_SEARCH_USER_PATHS = NO;
				CLANG_ANALYZER_NONNULL = YES;
				CLANG_CXX_LANGUAGE_STANDARD = "gnu++0x";
				CLANG_CXX_LIBRARY = "libc++";
				CLANG_ENABLE_MODULES = YES;
				CLANG_ENABLE_OBJC_ARC = YES;
				CLANG_WARN_BOOL_CONVERSION = YES;
				CLANG_WARN_CONSTANT_CONVERSION = YES;
				CLANG_WARN_DIRECT_OBJC_ISA_USAGE = YES_ERROR;
				CLANG_WARN_DOCUMENTATION_COMMENTS = YES;
				CLANG_WARN_EMPTY_BODY = YES;
				CLANG_WARN_ENUM_CONVERSION = YES;
				CLANG_WARN_INFINITE_RECURSION = YES;
				CLANG_WARN_INT_CONVERSION = YES;
				CLANG_WARN_OBJC_ROOT_CLASS = YES_ERROR;
				CLANG_WARN_SUSPICIOUS_MOVES = YES;
				CLANG_WARN_UNREACHABLE_CODE = YES;
				CLANG_WARN__DUPLICATE_METHOD_MATCH = YES;
				"CODE_SIGN_IDENTITY[sdk=iphoneos*]" = "iPhone Developer";
				COPY_PHASE_STRIP = NO;
				DEBUG_INFORMATION_FORMAT = "dwarf-with-dsym";
				ENABLE_NS_ASSERTIONS = NO;
				ENABLE_STRICT_OBJC_MSGSEND = YES;
				GCC_C_LANGUAGE_STANDARD = gnu99;
				GCC_NO_COMMON_BLOCKS = YES;
				GCC_WARN_64_TO_32_BIT_CONVERSION = YES;
				GCC_WARN_ABOUT_RETURN_TYPE = YES_ERROR;
				GCC_WARN_UNDECLARED_SELECTOR = YES;
				GCC_WARN_UNINITIALIZED_AUTOS = YES_AGGRESSIVE;
				GCC_WARN_UNUSED_FUNCTION = YES;
				GCC_WARN_UNUSED_VARIABLE = YES;
				IPHONEOS_DEPLOYMENT_TARGET = 10.0;
				MTL_ENABLE_DEBUG_INFO = NO;
				SDKROOT = iphoneos;
				SWIFT_OPTIMIZATION_LEVEL = "-Owholemodule";
				TARGETED_DEVICE_FAMILY = "1,2";
				VALIDATE_PRODUCT = YES;
			};
			name = Release;
		};
		467925671DB92DE700B31EE4 /* Debug */ = {
			isa = XCBuildConfiguration;
			baseConfigurationReference = A089F3D729395845CDD83513 /* Pods-CleanSwiftSample.debug.xcconfig */;
			buildSettings = {
				ASSETCATALOG_COMPILER_APPICON_NAME = AppIcon;
				INFOPLIST_FILE = CleanSwiftSample/Info.plist;
				LD_RUNPATH_SEARCH_PATHS = "$(inherited) @executable_path/Frameworks";
				PRODUCT_BUNDLE_IDENTIFIER = github.com.CleanSwiftSample;
				PRODUCT_NAME = "$(TARGET_NAME)";
				SWIFT_VERSION = 3.0;
			};
			name = Debug;
		};
		467925681DB92DE700B31EE4 /* Release */ = {
			isa = XCBuildConfiguration;
			baseConfigurationReference = 3980FFCB944727A629F6969F /* Pods-CleanSwiftSample.release.xcconfig */;
			buildSettings = {
				ASSETCATALOG_COMPILER_APPICON_NAME = AppIcon;
				INFOPLIST_FILE = CleanSwiftSample/Info.plist;
				LD_RUNPATH_SEARCH_PATHS = "$(inherited) @executable_path/Frameworks";
				PRODUCT_BUNDLE_IDENTIFIER = github.com.CleanSwiftSample;
				PRODUCT_NAME = "$(TARGET_NAME)";
				SWIFT_VERSION = 3.0;
			};
			name = Release;
		};
		4679256A1DB92DE700B31EE4 /* Debug */ = {
			isa = XCBuildConfiguration;
			baseConfigurationReference = 68F21CEDB4E9EE5D021E683A /* Pods-CleanSwiftSampleTests.debug.xcconfig */;
			buildSettings = {
				ALWAYS_EMBED_SWIFT_STANDARD_LIBRARIES = YES;
				BUNDLE_LOADER = "$(TEST_HOST)";
				INFOPLIST_FILE = CleanSwiftSampleTests/Info.plist;
				LD_RUNPATH_SEARCH_PATHS = "$(inherited) @executable_path/Frameworks @loader_path/Frameworks";
				PRODUCT_BUNDLE_IDENTIFIER = github.com.CleanSwiftSampleTests;
				PRODUCT_NAME = "$(TARGET_NAME)";
				SWIFT_VERSION = 3.0;
				TEST_HOST = "$(BUILT_PRODUCTS_DIR)/CleanSwiftSample.app/CleanSwiftSample";
			};
			name = Debug;
		};
		4679256B1DB92DE700B31EE4 /* Release */ = {
			isa = XCBuildConfiguration;
			baseConfigurationReference = 51AAACAB53D5CABEA92B46E0 /* Pods-CleanSwiftSampleTests.release.xcconfig */;
			buildSettings = {
				ALWAYS_EMBED_SWIFT_STANDARD_LIBRARIES = YES;
				BUNDLE_LOADER = "$(TEST_HOST)";
				INFOPLIST_FILE = CleanSwiftSampleTests/Info.plist;
				LD_RUNPATH_SEARCH_PATHS = "$(inherited) @executable_path/Frameworks @loader_path/Frameworks";
				PRODUCT_BUNDLE_IDENTIFIER = github.com.CleanSwiftSampleTests;
				PRODUCT_NAME = "$(TARGET_NAME)";
				SWIFT_VERSION = 3.0;
				TEST_HOST = "$(BUILT_PRODUCTS_DIR)/CleanSwiftSample.app/CleanSwiftSample";
			};
			name = Release;
		};
/* End XCBuildConfiguration section */

/* Begin XCConfigurationList section */
		467925441DB92DE700B31EE4 /* Build configuration list for PBXProject "CleanSwiftSample" */ = {
			isa = XCConfigurationList;
			buildConfigurations = (
				467925641DB92DE700B31EE4 /* Debug */,
				467925651DB92DE700B31EE4 /* Release */,
			);
			defaultConfigurationIsVisible = 0;
			defaultConfigurationName = Release;
		};
		467925661DB92DE700B31EE4 /* Build configuration list for PBXNativeTarget "CleanSwiftSample" */ = {
			isa = XCConfigurationList;
			buildConfigurations = (
				467925671DB92DE700B31EE4 /* Debug */,
				467925681DB92DE700B31EE4 /* Release */,
			);
			defaultConfigurationIsVisible = 0;
			defaultConfigurationName = Release;
		};
		467925691DB92DE700B31EE4 /* Build configuration list for PBXNativeTarget "CleanSwiftSampleTests" */ = {
			isa = XCConfigurationList;
			buildConfigurations = (
				4679256A1DB92DE700B31EE4 /* Debug */,
				4679256B1DB92DE700B31EE4 /* Release */,
			);
			defaultConfigurationIsVisible = 0;
			defaultConfigurationName = Release;
		};
/* End XCConfigurationList section */
	};
	rootObject = 467925411DB92DE700B31EE4 /* Project object */;
}
