// !$*UTF8*$!
{
	archiveVersion = 1;
	classes = {
	};
	objectVersion = 46;
	objects = {

/* Begin PBXBuildFile section */
		2E208359546AB28A44529813 /* StartScreenConfiguratorTests.swift in Sources */ = {isa = PBXBuildFile; fileRef = FB66CCD9ACDCC92B7D388354 /* StartScreenConfiguratorTests.swift */; };
		38195C85AAE38DC82002F5F9 /* UserProfileConfiguratorTests.swift in Sources */ = {isa = PBXBuildFile; fileRef = 7EA43120CA4CC9DF06990F36 /* UserProfileConfiguratorTests.swift */; };
		460C71221DCA767800513F5F /* SignInConfigurator.swift in Sources */ = {isa = PBXBuildFile; fileRef = 460C70F41DCA767800513F5F /* SignInConfigurator.swift */; };
		460C71231DCA767800513F5F /* SignInInitializer.swift in Sources */ = {isa = PBXBuildFile; fileRef = 460C70F51DCA767800513F5F /* SignInInitializer.swift */; };
		460C71241DCA767800513F5F /* SignInInteractor.swift in Sources */ = {isa = PBXBuildFile; fileRef = 460C70F71DCA767800513F5F /* SignInInteractor.swift */; };
		460C71251DCA767800513F5F /* SignInInteractorInput.swift in Sources */ = {isa = PBXBuildFile; fileRef = 460C70F81DCA767800513F5F /* SignInInteractorInput.swift */; };
		460C71261DCA767800513F5F /* SignInInteractorOutput.swift in Sources */ = {isa = PBXBuildFile; fileRef = 460C70F91DCA767800513F5F /* SignInInteractorOutput.swift */; };
		460C71271DCA767800513F5F /* SignInPresenter.swift in Sources */ = {isa = PBXBuildFile; fileRef = 460C70FB1DCA767800513F5F /* SignInPresenter.swift */; };
		460C71281DCA767800513F5F /* SignIn.storyboard in Resources */ = {isa = PBXBuildFile; fileRef = 460C70FC1DCA767800513F5F /* SignIn.storyboard */; };
		460C71291DCA767800513F5F /* SignInFactory.swift in Sources */ = {isa = PBXBuildFile; fileRef = 460C70FD1DCA767800513F5F /* SignInFactory.swift */; };
		460C712A1DCA767800513F5F /* SignInViewController.swift in Sources */ = {isa = PBXBuildFile; fileRef = 460C70FF1DCA767800513F5F /* SignInViewController.swift */; };
		460C712B1DCA767800513F5F /* SignInViewInput.swift in Sources */ = {isa = PBXBuildFile; fileRef = 460C71001DCA767800513F5F /* SignInViewInput.swift */; };
		460C712C1DCA767800513F5F /* SignInViewOutput.swift in Sources */ = {isa = PBXBuildFile; fileRef = 460C71011DCA767800513F5F /* SignInViewOutput.swift */; };
		460C712D1DCA767800513F5F /* StartScreenConfigurator.swift in Sources */ = {isa = PBXBuildFile; fileRef = 460C71041DCA767800513F5F /* StartScreenConfigurator.swift */; };
		460C712E1DCA767800513F5F /* StartScreenInitializer.swift in Sources */ = {isa = PBXBuildFile; fileRef = 460C71051DCA767800513F5F /* StartScreenInitializer.swift */; };
		460C712F1DCA767800513F5F /* StartScreenInteractor.swift in Sources */ = {isa = PBXBuildFile; fileRef = 460C71071DCA767800513F5F /* StartScreenInteractor.swift */; };
		460C71301DCA767800513F5F /* StartScreenInteractorInput.swift in Sources */ = {isa = PBXBuildFile; fileRef = 460C71081DCA767800513F5F /* StartScreenInteractorInput.swift */; };
		460C71311DCA767800513F5F /* StartScreenInteractorOutput.swift in Sources */ = {isa = PBXBuildFile; fileRef = 460C71091DCA767800513F5F /* StartScreenInteractorOutput.swift */; };
		460C71321DCA767800513F5F /* StartScreenPresenter.swift in Sources */ = {isa = PBXBuildFile; fileRef = 460C710B1DCA767800513F5F /* StartScreenPresenter.swift */; };
		460C71331DCA767800513F5F /* StartScreen.storyboard in Resources */ = {isa = PBXBuildFile; fileRef = 460C710C1DCA767800513F5F /* StartScreen.storyboard */; };
		460C71341DCA767800513F5F /* StartScreenFactory.swift in Sources */ = {isa = PBXBuildFile; fileRef = 460C710D1DCA767800513F5F /* StartScreenFactory.swift */; };
		460C71351DCA767800513F5F /* StartScreenViewController.swift in Sources */ = {isa = PBXBuildFile; fileRef = 460C710F1DCA767800513F5F /* StartScreenViewController.swift */; };
		460C71361DCA767800513F5F /* StartScreenViewInput.swift in Sources */ = {isa = PBXBuildFile; fileRef = 460C71101DCA767800513F5F /* StartScreenViewInput.swift */; };
		460C71371DCA767800513F5F /* StartScreenViewOutput.swift in Sources */ = {isa = PBXBuildFile; fileRef = 460C71111DCA767800513F5F /* StartScreenViewOutput.swift */; };
		460C71381DCA767800513F5F /* UserProfileConfigurator.swift in Sources */ = {isa = PBXBuildFile; fileRef = 460C71141DCA767800513F5F /* UserProfileConfigurator.swift */; };
		460C71391DCA767800513F5F /* UserProfileInitializer.swift in Sources */ = {isa = PBXBuildFile; fileRef = 460C71151DCA767800513F5F /* UserProfileInitializer.swift */; };
		460C713A1DCA767800513F5F /* UserProfileInteractor.swift in Sources */ = {isa = PBXBuildFile; fileRef = 460C71171DCA767800513F5F /* UserProfileInteractor.swift */; };
		460C713B1DCA767800513F5F /* UserProfileInteractorInput.swift in Sources */ = {isa = PBXBuildFile; fileRef = 460C71181DCA767800513F5F /* UserProfileInteractorInput.swift */; };
		460C713C1DCA767800513F5F /* UserProfileInteractorOutput.swift in Sources */ = {isa = PBXBuildFile; fileRef = 460C71191DCA767800513F5F /* UserProfileInteractorOutput.swift */; };
		460C713D1DCA767800513F5F /* UserProfilePresenter.swift in Sources */ = {isa = PBXBuildFile; fileRef = 460C711B1DCA767800513F5F /* UserProfilePresenter.swift */; };
		460C713E1DCA767800513F5F /* UserProfile.storyboard in Resources */ = {isa = PBXBuildFile; fileRef = 460C711C1DCA767800513F5F /* UserProfile.storyboard */; };
		460C713F1DCA767800513F5F /* UserProfileFactory.swift in Sources */ = {isa = PBXBuildFile; fileRef = 460C711D1DCA767800513F5F /* UserProfileFactory.swift */; };
		460C71401DCA767800513F5F /* UserProfileViewController.swift in Sources */ = {isa = PBXBuildFile; fileRef = 460C711F1DCA767800513F5F /* UserProfileViewController.swift */; };
		460C71411DCA767800513F5F /* UserProfileViewInput.swift in Sources */ = {isa = PBXBuildFile; fileRef = 460C71201DCA767800513F5F /* UserProfileViewInput.swift */; };
		460C71421DCA767800513F5F /* UserProfileViewOutput.swift in Sources */ = {isa = PBXBuildFile; fileRef = 460C71211DCA767800513F5F /* UserProfileViewOutput.swift */; };
		4679254D1DB92DE700B31EE4 /* AppDelegate.swift in Sources */ = {isa = PBXBuildFile; fileRef = 4679254C1DB92DE700B31EE4 /* AppDelegate.swift */; };
		467925541DB92DE700B31EE4 /* Assets.xcassets in Resources */ = {isa = PBXBuildFile; fileRef = 467925531DB92DE700B31EE4 /* Assets.xcassets */; };
		467925571DB92DE700B31EE4 /* LaunchScreen.storyboard in Resources */ = {isa = PBXBuildFile; fileRef = 467925551DB92DE700B31EE4 /* LaunchScreen.storyboard */; };
		467925781DB92F8E00B31EE4 /* AppRouter.swift in Sources */ = {isa = PBXBuildFile; fileRef = 467925751DB92F8E00B31EE4 /* AppRouter.swift */; };
		467925791DB92F8E00B31EE4 /* ModuleFactoryProtocol.swift in Sources */ = {isa = PBXBuildFile; fileRef = 467925761DB92F8E00B31EE4 /* ModuleFactoryProtocol.swift */; };
		4679257A1DB92F8E00B31EE4 /* ModuleInputProtocol.swift in Sources */ = {isa = PBXBuildFile; fileRef = 467925771DB92F8E00B31EE4 /* ModuleInputProtocol.swift */; };
		467925971DBA578400B31EE4 /* URNBuilder.swift in Sources */ = {isa = PBXBuildFile; fileRef = 467925961DBA578400B31EE4 /* URNBuilder.swift */; };
		4679259A1DBA57E900B31EE4 /* ServicesAssembly.swift in Sources */ = {isa = PBXBuildFile; fileRef = 467925981DBA57E900B31EE4 /* ServicesAssembly.swift */; };
		4679259B1DBA57E900B31EE4 /* ServicesAssemblyProtocol.swift in Sources */ = {isa = PBXBuildFile; fileRef = 467925991DBA57E900B31EE4 /* ServicesAssemblyProtocol.swift */; };
		4679259D1DBA57F200B31EE4 /* AppSettingsService.swift in Sources */ = {isa = PBXBuildFile; fileRef = 4679259C1DBA57F200B31EE4 /* AppSettingsService.swift */; };
		4679259F1DBA57F900B31EE4 /* AppSettingsServiceImpl.swift in Sources */ = {isa = PBXBuildFile; fileRef = 4679259E1DBA57F900B31EE4 /* AppSettingsServiceImpl.swift */; };
		467925A51DBA586A00B31EE4 /* URNBuilderTests.swift in Sources */ = {isa = PBXBuildFile; fileRef = 467925A41DBA586A00B31EE4 /* URNBuilderTests.swift */; };
		5C8A6E0325E58CC2BFF4C058 /* ShowBalanceFactory.swift in Sources */ = {isa = PBXBuildFile; fileRef = 68721EC392026244A43DC849 /* ShowBalanceFactory.swift */; };
		6A28901C6097069C4D577AA8 /* ShowBalanceInteractorInput.swift in Sources */ = {isa = PBXBuildFile; fileRef = A547C93E7ACCE00E97363CFB /* ShowBalanceInteractorInput.swift */; };
		71F1D0DC10C9DD9E1F35F32C /* ShowBalanceInteractorTests.swift in Sources */ = {isa = PBXBuildFile; fileRef = D35C683B624F22E4B56EE588 /* ShowBalanceInteractorTests.swift */; };
		7F3A0C02C76BAB24329AED42 /* ShowBalanceConfiguratorTests.swift in Sources */ = {isa = PBXBuildFile; fileRef = E9EFA5237BA1C9880691BCC5 /* ShowBalanceConfiguratorTests.swift */; };
		7FB428DEF4E47924F8D53D93 /* ShowBalanceInitializer.swift in Sources */ = {isa = PBXBuildFile; fileRef = 412BDF3623638EC1ECAAD485 /* ShowBalanceInitializer.swift */; };
		86E03C1C1ED54653574EF1AB /* ShowBalancePresenter.swift in Sources */ = {isa = PBXBuildFile; fileRef = 6ADE4160D00132BAD14898DD /* ShowBalancePresenter.swift */; };
		8F2A86ACF6391054A2BE1440 /* ShowBalanceViewInput.swift in Sources */ = {isa = PBXBuildFile; fileRef = 295566ECC432539470D19B07 /* ShowBalanceViewInput.swift */; };
		8FB8087849F7F91E487BA3A9 /* SignInConfiguratorTests.swift in Sources */ = {isa = PBXBuildFile; fileRef = AEC68F6D266AFB99577C2C8E /* SignInConfiguratorTests.swift */; };
		9384C92F7B107C90C74CF806 /* ShowBalanceViewController.swift in Sources */ = {isa = PBXBuildFile; fileRef = D0021973241283D2335FAA27 /* ShowBalanceViewController.swift */; };
		973BBA6205A32A0C372DFAE6 /* Pods_CleanSwiftSample.framework in Frameworks */ = {isa = PBXBuildFile; fileRef = ACFB4292F2D7B6C9EF7F029A /* Pods_CleanSwiftSample.framework */; };
		B7A211E0DE502997396D0F49 /* SignInInteractorTests.swift in Sources */ = {isa = PBXBuildFile; fileRef = C629695DC9C4EE759B61F2AC /* SignInInteractorTests.swift */; };
		BDEE72CD5C5F5DECB7992761 /* ShowBalanceConfigurator.swift in Sources */ = {isa = PBXBuildFile; fileRef = A4EBCC5E3EFEADB8901013C8 /* ShowBalanceConfigurator.swift */; };
		BE735BDA1F9439F83D3A2198 /* StartScreenInteractorTests.swift in Sources */ = {isa = PBXBuildFile; fileRef = 92F8EFC20A12CA08595ED029 /* StartScreenInteractorTests.swift */; };
		E01610A30B9FE9A661746778 /* UserProfileInteractorTests.swift in Sources */ = {isa = PBXBuildFile; fileRef = DBB2057A98A6DDDBEA515F12 /* UserProfileInteractorTests.swift */; };
		E5AD1B17719F4243F9D203B5 /* ShowBalanceInteractor.swift in Sources */ = {isa = PBXBuildFile; fileRef = CF6C0C5C98D7A4E5C4A0621C /* ShowBalanceInteractor.swift */; };
		ECBACC53989FDF7A8803EF13 /* ShowBalanceViewOutput.swift in Sources */ = {isa = PBXBuildFile; fileRef = 78CD03D3C2D50BF29B656608 /* ShowBalanceViewOutput.swift */; };
		F621767C22F3583590478F23 /* ShowBalanceInteractorOutput.swift in Sources */ = {isa = PBXBuildFile; fileRef = 201D36555A15881F338B1B50 /* ShowBalanceInteractorOutput.swift */; };
		FA90F724EAEA076E87D1648D /* Pods_CleanSwiftSampleTests.framework in Frameworks */ = {isa = PBXBuildFile; fileRef = 3832E473BC362BDB07A4E90F /* Pods_CleanSwiftSampleTests.framework */; };
/* End PBXBuildFile section */

/* Begin PBXContainerItemProxy section */
		4679255E1DB92DE700B31EE4 /* PBXContainerItemProxy */ = {
			isa = PBXContainerItemProxy;
			containerPortal = 467925411DB92DE700B31EE4 /* Project object */;
			proxyType = 1;
			remoteGlobalIDString = 467925481DB92DE700B31EE4;
			remoteInfo = CleanSwiftSample;
		};
/* End PBXContainerItemProxy section */

/* Begin PBXFileReference section */
		201D36555A15881F338B1B50 /* ShowBalanceInteractorOutput.swift */ = {isa = PBXFileReference; includeInIndex = 1; lastKnownFileType = sourcecode.swift; path = ShowBalanceInteractorOutput.swift; sourceTree = "<group>"; };
		295566ECC432539470D19B07 /* ShowBalanceViewInput.swift */ = {isa = PBXFileReference; includeInIndex = 1; lastKnownFileType = sourcecode.swift; path = ShowBalanceViewInput.swift; sourceTree = "<group>"; };
		3832E473BC362BDB07A4E90F /* Pods_CleanSwiftSampleTests.framework */ = {isa = PBXFileReference; explicitFileType = wrapper.framework; includeInIndex = 0; path = Pods_CleanSwiftSampleTests.framework; sourceTree = BUILT_PRODUCTS_DIR; };
		3980FFCB944727A629F6969F /* Pods-CleanSwiftSample.release.xcconfig */ = {isa = PBXFileReference; includeInIndex = 1; lastKnownFileType = text.xcconfig; name = "Pods-CleanSwiftSample.release.xcconfig"; path = "Pods/Target Support Files/Pods-CleanSwiftSample/Pods-CleanSwiftSample.release.xcconfig"; sourceTree = "<group>"; };
		412BDF3623638EC1ECAAD485 /* ShowBalanceInitializer.swift */ = {isa = PBXFileReference; includeInIndex = 1; lastKnownFileType = sourcecode.swift; path = ShowBalanceInitializer.swift; sourceTree = "<group>"; };
		460C70F41DCA767800513F5F /* SignInConfigurator.swift */ = {isa = PBXFileReference; fileEncoding = 4; lastKnownFileType = sourcecode.swift; path = SignInConfigurator.swift; sourceTree = "<group>"; };
		460C70F51DCA767800513F5F /* SignInInitializer.swift */ = {isa = PBXFileReference; fileEncoding = 4; lastKnownFileType = sourcecode.swift; path = SignInInitializer.swift; sourceTree = "<group>"; };
		460C70F71DCA767800513F5F /* SignInInteractor.swift */ = {isa = PBXFileReference; fileEncoding = 4; lastKnownFileType = sourcecode.swift; path = SignInInteractor.swift; sourceTree = "<group>"; };
		460C70F81DCA767800513F5F /* SignInInteractorInput.swift */ = {isa = PBXFileReference; fileEncoding = 4; lastKnownFileType = sourcecode.swift; path = SignInInteractorInput.swift; sourceTree = "<group>"; };
		460C70F91DCA767800513F5F /* SignInInteractorOutput.swift */ = {isa = PBXFileReference; fileEncoding = 4; lastKnownFileType = sourcecode.swift; path = SignInInteractorOutput.swift; sourceTree = "<group>"; };
		460C70FB1DCA767800513F5F /* SignInPresenter.swift */ = {isa = PBXFileReference; fileEncoding = 4; lastKnownFileType = sourcecode.swift; path = SignInPresenter.swift; sourceTree = "<group>"; };
		460C70FC1DCA767800513F5F /* SignIn.storyboard */ = {isa = PBXFileReference; fileEncoding = 4; lastKnownFileType = file.storyboard; path = SignIn.storyboard; sourceTree = "<group>"; };
		460C70FD1DCA767800513F5F /* SignInFactory.swift */ = {isa = PBXFileReference; fileEncoding = 4; lastKnownFileType = sourcecode.swift; path = SignInFactory.swift; sourceTree = "<group>"; };
		460C70FF1DCA767800513F5F /* SignInViewController.swift */ = {isa = PBXFileReference; fileEncoding = 4; lastKnownFileType = sourcecode.swift; path = SignInViewController.swift; sourceTree = "<group>"; };
		460C71001DCA767800513F5F /* SignInViewInput.swift */ = {isa = PBXFileReference; fileEncoding = 4; lastKnownFileType = sourcecode.swift; path = SignInViewInput.swift; sourceTree = "<group>"; };
		460C71011DCA767800513F5F /* SignInViewOutput.swift */ = {isa = PBXFileReference; fileEncoding = 4; lastKnownFileType = sourcecode.swift; path = SignInViewOutput.swift; sourceTree = "<group>"; };
		460C71041DCA767800513F5F /* StartScreenConfigurator.swift */ = {isa = PBXFileReference; fileEncoding = 4; lastKnownFileType = sourcecode.swift; path = StartScreenConfigurator.swift; sourceTree = "<group>"; };
		460C71051DCA767800513F5F /* StartScreenInitializer.swift */ = {isa = PBXFileReference; fileEncoding = 4; lastKnownFileType = sourcecode.swift; path = StartScreenInitializer.swift; sourceTree = "<group>"; };
		460C71071DCA767800513F5F /* StartScreenInteractor.swift */ = {isa = PBXFileReference; fileEncoding = 4; lastKnownFileType = sourcecode.swift; path = StartScreenInteractor.swift; sourceTree = "<group>"; };
		460C71081DCA767800513F5F /* StartScreenInteractorInput.swift */ = {isa = PBXFileReference; fileEncoding = 4; lastKnownFileType = sourcecode.swift; path = StartScreenInteractorInput.swift; sourceTree = "<group>"; };
		460C71091DCA767800513F5F /* StartScreenInteractorOutput.swift */ = {isa = PBXFileReference; fileEncoding = 4; lastKnownFileType = sourcecode.swift; path = StartScreenInteractorOutput.swift; sourceTree = "<group>"; };
		460C710B1DCA767800513F5F /* StartScreenPresenter.swift */ = {isa = PBXFileReference; fileEncoding = 4; lastKnownFileType = sourcecode.swift; path = StartScreenPresenter.swift; sourceTree = "<group>"; };
		460C710C1DCA767800513F5F /* StartScreen.storyboard */ = {isa = PBXFileReference; fileEncoding = 4; lastKnownFileType = file.storyboard; path = StartScreen.storyboard; sourceTree = "<group>"; };
		460C710D1DCA767800513F5F /* StartScreenFactory.swift */ = {isa = PBXFileReference; fileEncoding = 4; lastKnownFileType = sourcecode.swift; path = StartScreenFactory.swift; sourceTree = "<group>"; };
		460C710F1DCA767800513F5F /* StartScreenViewController.swift */ = {isa = PBXFileReference; fileEncoding = 4; lastKnownFileType = sourcecode.swift; path = StartScreenViewController.swift; sourceTree = "<group>"; };
		460C71101DCA767800513F5F /* StartScreenViewInput.swift */ = {isa = PBXFileReference; fileEncoding = 4; lastKnownFileType = sourcecode.swift; path = StartScreenViewInput.swift; sourceTree = "<group>"; };
		460C71111DCA767800513F5F /* StartScreenViewOutput.swift */ = {isa = PBXFileReference; fileEncoding = 4; lastKnownFileType = sourcecode.swift; path = StartScreenViewOutput.swift; sourceTree = "<group>"; };
		460C71141DCA767800513F5F /* UserProfileConfigurator.swift */ = {isa = PBXFileReference; fileEncoding = 4; lastKnownFileType = sourcecode.swift; path = UserProfileConfigurator.swift; sourceTree = "<group>"; };
		460C71151DCA767800513F5F /* UserProfileInitializer.swift */ = {isa = PBXFileReference; fileEncoding = 4; lastKnownFileType = sourcecode.swift; path = UserProfileInitializer.swift; sourceTree = "<group>"; };
		460C71171DCA767800513F5F /* UserProfileInteractor.swift */ = {isa = PBXFileReference; fileEncoding = 4; lastKnownFileType = sourcecode.swift; path = UserProfileInteractor.swift; sourceTree = "<group>"; };
		460C71181DCA767800513F5F /* UserProfileInteractorInput.swift */ = {isa = PBXFileReference; fileEncoding = 4; lastKnownFileType = sourcecode.swift; path = UserProfileInteractorInput.swift; sourceTree = "<group>"; };
		460C71191DCA767800513F5F /* UserProfileInteractorOutput.swift */ = {isa = PBXFileReference; fileEncoding = 4; lastKnownFileType = sourcecode.swift; path = UserProfileInteractorOutput.swift; sourceTree = "<group>"; };
		460C711B1DCA767800513F5F /* UserProfilePresenter.swift */ = {isa = PBXFileReference; fileEncoding = 4; lastKnownFileType = sourcecode.swift; path = UserProfilePresenter.swift; sourceTree = "<group>"; };
		460C711C1DCA767800513F5F /* UserProfile.storyboard */ = {isa = PBXFileReference; fileEncoding = 4; lastKnownFileType = file.storyboard; path = UserProfile.storyboard; sourceTree = "<group>"; };
		460C711D1DCA767800513F5F /* UserProfileFactory.swift */ = {isa = PBXFileReference; fileEncoding = 4; lastKnownFileType = sourcecode.swift; path = UserProfileFactory.swift; sourceTree = "<group>"; };
		460C711F1DCA767800513F5F /* UserProfileViewController.swift */ = {isa = PBXFileReference; fileEncoding = 4; lastKnownFileType = sourcecode.swift; path = UserProfileViewController.swift; sourceTree = "<group>"; };
		460C71201DCA767800513F5F /* UserProfileViewInput.swift */ = {isa = PBXFileReference; fileEncoding = 4; lastKnownFileType = sourcecode.swift; path = UserProfileViewInput.swift; sourceTree = "<group>"; };
		460C71211DCA767800513F5F /* UserProfileViewOutput.swift */ = {isa = PBXFileReference; fileEncoding = 4; lastKnownFileType = sourcecode.swift; path = UserProfileViewOutput.swift; sourceTree = "<group>"; };
		467925491DB92DE700B31EE4 /* CleanSwiftSample.app */ = {isa = PBXFileReference; explicitFileType = wrapper.application; includeInIndex = 0; path = CleanSwiftSample.app; sourceTree = BUILT_PRODUCTS_DIR; };
		4679254C1DB92DE700B31EE4 /* AppDelegate.swift */ = {isa = PBXFileReference; lastKnownFileType = sourcecode.swift; path = AppDelegate.swift; sourceTree = "<group>"; };
		467925531DB92DE700B31EE4 /* Assets.xcassets */ = {isa = PBXFileReference; lastKnownFileType = folder.assetcatalog; path = Assets.xcassets; sourceTree = "<group>"; };
		467925561DB92DE700B31EE4 /* Base */ = {isa = PBXFileReference; lastKnownFileType = file.storyboard; name = Base; path = Base.lproj/LaunchScreen.storyboard; sourceTree = "<group>"; };
		467925581DB92DE700B31EE4 /* Info.plist */ = {isa = PBXFileReference; lastKnownFileType = text.plist.xml; path = Info.plist; sourceTree = "<group>"; };
		4679255D1DB92DE700B31EE4 /* CleanSwiftSampleTests.xctest */ = {isa = PBXFileReference; explicitFileType = wrapper.cfbundle; includeInIndex = 0; path = CleanSwiftSampleTests.xctest; sourceTree = BUILT_PRODUCTS_DIR; };
		467925631DB92DE700B31EE4 /* Info.plist */ = {isa = PBXFileReference; lastKnownFileType = text.plist.xml; path = Info.plist; sourceTree = "<group>"; };
		467925751DB92F8E00B31EE4 /* AppRouter.swift */ = {isa = PBXFileReference; fileEncoding = 4; lastKnownFileType = sourcecode.swift; path = AppRouter.swift; sourceTree = "<group>"; };
		467925761DB92F8E00B31EE4 /* ModuleFactoryProtocol.swift */ = {isa = PBXFileReference; fileEncoding = 4; lastKnownFileType = sourcecode.swift; path = ModuleFactoryProtocol.swift; sourceTree = "<group>"; };
		467925771DB92F8E00B31EE4 /* ModuleInputProtocol.swift */ = {isa = PBXFileReference; fileEncoding = 4; lastKnownFileType = sourcecode.swift; path = ModuleInputProtocol.swift; sourceTree = "<group>"; };
		467925961DBA578400B31EE4 /* URNBuilder.swift */ = {isa = PBXFileReference; fileEncoding = 4; lastKnownFileType = sourcecode.swift; path = URNBuilder.swift; sourceTree = "<group>"; };
		467925981DBA57E900B31EE4 /* ServicesAssembly.swift */ = {isa = PBXFileReference; fileEncoding = 4; lastKnownFileType = sourcecode.swift; path = ServicesAssembly.swift; sourceTree = "<group>"; };
		467925991DBA57E900B31EE4 /* ServicesAssemblyProtocol.swift */ = {isa = PBXFileReference; fileEncoding = 4; lastKnownFileType = sourcecode.swift; path = ServicesAssemblyProtocol.swift; sourceTree = "<group>"; };
		4679259C1DBA57F200B31EE4 /* AppSettingsService.swift */ = {isa = PBXFileReference; fileEncoding = 4; lastKnownFileType = sourcecode.swift; path = AppSettingsService.swift; sourceTree = "<group>"; };
		4679259E1DBA57F900B31EE4 /* AppSettingsServiceImpl.swift */ = {isa = PBXFileReference; fileEncoding = 4; lastKnownFileType = sourcecode.swift; path = AppSettingsServiceImpl.swift; sourceTree = "<group>"; };
		467925A41DBA586A00B31EE4 /* URNBuilderTests.swift */ = {isa = PBXFileReference; fileEncoding = 4; lastKnownFileType = sourcecode.swift; path = URNBuilderTests.swift; sourceTree = "<group>"; };
		51AAACAB53D5CABEA92B46E0 /* Pods-CleanSwiftSampleTests.release.xcconfig */ = {isa = PBXFileReference; includeInIndex = 1; lastKnownFileType = text.xcconfig; name = "Pods-CleanSwiftSampleTests.release.xcconfig"; path = "Pods/Target Support Files/Pods-CleanSwiftSampleTests/Pods-CleanSwiftSampleTests.release.xcconfig"; sourceTree = "<group>"; };
		68721EC392026244A43DC849 /* ShowBalanceFactory.swift */ = {isa = PBXFileReference; includeInIndex = 1; lastKnownFileType = sourcecode.swift; path = ShowBalanceFactory.swift; sourceTree = "<group>"; };
		68F21CEDB4E9EE5D021E683A /* Pods-CleanSwiftSampleTests.debug.xcconfig */ = {isa = PBXFileReference; includeInIndex = 1; lastKnownFileType = text.xcconfig; name = "Pods-CleanSwiftSampleTests.debug.xcconfig"; path = "Pods/Target Support Files/Pods-CleanSwiftSampleTests/Pods-CleanSwiftSampleTests.debug.xcconfig"; sourceTree = "<group>"; };
		6ADE4160D00132BAD14898DD /* ShowBalancePresenter.swift */ = {isa = PBXFileReference; includeInIndex = 1; lastKnownFileType = sourcecode.swift; path = ShowBalancePresenter.swift; sourceTree = "<group>"; };
		78CD03D3C2D50BF29B656608 /* ShowBalanceViewOutput.swift */ = {isa = PBXFileReference; includeInIndex = 1; lastKnownFileType = sourcecode.swift; path = ShowBalanceViewOutput.swift; sourceTree = "<group>"; };
		7EA43120CA4CC9DF06990F36 /* UserProfileConfiguratorTests.swift */ = {isa = PBXFileReference; includeInIndex = 1; lastKnownFileType = sourcecode.swift; path = UserProfileConfiguratorTests.swift; sourceTree = "<group>"; };
		92F8EFC20A12CA08595ED029 /* StartScreenInteractorTests.swift */ = {isa = PBXFileReference; includeInIndex = 1; lastKnownFileType = sourcecode.swift; path = StartScreenInteractorTests.swift; sourceTree = "<group>"; };
		A089F3D729395845CDD83513 /* Pods-CleanSwiftSample.debug.xcconfig */ = {isa = PBXFileReference; includeInIndex = 1; lastKnownFileType = text.xcconfig; name = "Pods-CleanSwiftSample.debug.xcconfig"; path = "Pods/Target Support Files/Pods-CleanSwiftSample/Pods-CleanSwiftSample.debug.xcconfig"; sourceTree = "<group>"; };
		A4EBCC5E3EFEADB8901013C8 /* ShowBalanceConfigurator.swift */ = {isa = PBXFileReference; includeInIndex = 1; lastKnownFileType = sourcecode.swift; path = ShowBalanceConfigurator.swift; sourceTree = "<group>"; };
		A547C93E7ACCE00E97363CFB /* ShowBalanceInteractorInput.swift */ = {isa = PBXFileReference; includeInIndex = 1; lastKnownFileType = sourcecode.swift; path = ShowBalanceInteractorInput.swift; sourceTree = "<group>"; };
		ACFB4292F2D7B6C9EF7F029A /* Pods_CleanSwiftSample.framework */ = {isa = PBXFileReference; explicitFileType = wrapper.framework; includeInIndex = 0; path = Pods_CleanSwiftSample.framework; sourceTree = BUILT_PRODUCTS_DIR; };
		AEC68F6D266AFB99577C2C8E /* SignInConfiguratorTests.swift */ = {isa = PBXFileReference; includeInIndex = 1; lastKnownFileType = sourcecode.swift; path = SignInConfiguratorTests.swift; sourceTree = "<group>"; };
		C629695DC9C4EE759B61F2AC /* SignInInteractorTests.swift */ = {isa = PBXFileReference; includeInIndex = 1; lastKnownFileType = sourcecode.swift; path = SignInInteractorTests.swift; sourceTree = "<group>"; };
		CF6C0C5C98D7A4E5C4A0621C /* ShowBalanceInteractor.swift */ = {isa = PBXFileReference; includeInIndex = 1; lastKnownFileType = sourcecode.swift; path = ShowBalanceInteractor.swift; sourceTree = "<group>"; };
		D0021973241283D2335FAA27 /* ShowBalanceViewController.swift */ = {isa = PBXFileReference; includeInIndex = 1; lastKnownFileType = sourcecode.swift; path = ShowBalanceViewController.swift; sourceTree = "<group>"; };
		D35C683B624F22E4B56EE588 /* ShowBalanceInteractorTests.swift */ = {isa = PBXFileReference; includeInIndex = 1; lastKnownFileType = sourcecode.swift; path = ShowBalanceInteractorTests.swift; sourceTree = "<group>"; };
		DBB2057A98A6DDDBEA515F12 /* UserProfileInteractorTests.swift */ = {isa = PBXFileReference; includeInIndex = 1; lastKnownFileType = sourcecode.swift; path = UserProfileInteractorTests.swift; sourceTree = "<group>"; };
		E9EFA5237BA1C9880691BCC5 /* ShowBalanceConfiguratorTests.swift */ = {isa = PBXFileReference; includeInIndex = 1; lastKnownFileType = sourcecode.swift; path = ShowBalanceConfiguratorTests.swift; sourceTree = "<group>"; };
		FB66CCD9ACDCC92B7D388354 /* StartScreenConfiguratorTests.swift */ = {isa = PBXFileReference; includeInIndex = 1; lastKnownFileType = sourcecode.swift; path = StartScreenConfiguratorTests.swift; sourceTree = "<group>"; };
/* End PBXFileReference section */

/* Begin PBXFrameworksBuildPhase section */
		467925461DB92DE700B31EE4 /* Frameworks */ = {
			isa = PBXFrameworksBuildPhase;
			buildActionMask = 2147483647;
			files = (
				973BBA6205A32A0C372DFAE6 /* Pods_CleanSwiftSample.framework in Frameworks */,
			);
			runOnlyForDeploymentPostprocessing = 0;
		};
		4679255A1DB92DE700B31EE4 /* Frameworks */ = {
			isa = PBXFrameworksBuildPhase;
			buildActionMask = 2147483647;
			files = (
				FA90F724EAEA076E87D1648D /* Pods_CleanSwiftSampleTests.framework in Frameworks */,
			);
			runOnlyForDeploymentPostprocessing = 0;
		};
/* End PBXFrameworksBuildPhase section */

/* Begin PBXGroup section */
		03C5510B8073007563B13A1A /* Presenter */ = {
			isa = PBXGroup;
			children = (
				6ADE4160D00132BAD14898DD /* ShowBalancePresenter.swift */,
			);
			path = Presenter;
			sourceTree = "<group>";
		};
		19BD96373E547B9724780B35 /* StartScreen */ = {
			isa = PBXGroup;
			children = (
				BC0146F5EBDF37D1AFCECE0F /* Configurator */,
				1C326A19A7CDD2493A518E3A /* Interactor */,
			);
			path = StartScreen;
			sourceTree = "<group>";
		};
		1C326A19A7CDD2493A518E3A /* Interactor */ = {
			isa = PBXGroup;
			children = (
				92F8EFC20A12CA08595ED029 /* StartScreenInteractorTests.swift */,
			);
			path = Interactor;
			sourceTree = "<group>";
		};
		24668075DEA6800B004C2B94 /* Pods */ = {
			isa = PBXGroup;
			children = (
				A089F3D729395845CDD83513 /* Pods-CleanSwiftSample.debug.xcconfig */,
				3980FFCB944727A629F6969F /* Pods-CleanSwiftSample.release.xcconfig */,
				68F21CEDB4E9EE5D021E683A /* Pods-CleanSwiftSampleTests.debug.xcconfig */,
				51AAACAB53D5CABEA92B46E0 /* Pods-CleanSwiftSampleTests.release.xcconfig */,
			);
			name = Pods;
			sourceTree = "<group>";
		};
		460C70F11DCA767800513F5F /* UserStories */ = {
			isa = PBXGroup;
			children = (
				460C70F21DCA767800513F5F /* SignIn */,
				460C71021DCA767800513F5F /* StartScreen */,
				460C71121DCA767800513F5F /* UserProfile */,
				B5324817746CB39429861657 /* ShowBalance */,
			);
			path = UserStories;
			sourceTree = "<group>";
		};
		460C70F21DCA767800513F5F /* SignIn */ = {
			isa = PBXGroup;
			children = (
				460C70F31DCA767800513F5F /* Configurator */,
				460C70F61DCA767800513F5F /* Interactor */,
				460C70FA1DCA767800513F5F /* Presenter */,
				460C70FC1DCA767800513F5F /* SignIn.storyboard */,
				460C70FD1DCA767800513F5F /* SignInFactory.swift */,
				460C70FE1DCA767800513F5F /* View */,
			);
			path = SignIn;
			sourceTree = "<group>";
		};
		460C70F31DCA767800513F5F /* Configurator */ = {
			isa = PBXGroup;
			children = (
				460C70F41DCA767800513F5F /* SignInConfigurator.swift */,
				460C70F51DCA767800513F5F /* SignInInitializer.swift */,
			);
			path = Configurator;
			sourceTree = "<group>";
		};
		460C70F61DCA767800513F5F /* Interactor */ = {
			isa = PBXGroup;
			children = (
				460C70F71DCA767800513F5F /* SignInInteractor.swift */,
				460C70F81DCA767800513F5F /* SignInInteractorInput.swift */,
				460C70F91DCA767800513F5F /* SignInInteractorOutput.swift */,
			);
			path = Interactor;
			sourceTree = "<group>";
		};
		460C70FA1DCA767800513F5F /* Presenter */ = {
			isa = PBXGroup;
			children = (
				460C70FB1DCA767800513F5F /* SignInPresenter.swift */,
			);
			path = Presenter;
			sourceTree = "<group>";
		};
		460C70FE1DCA767800513F5F /* View */ = {
			isa = PBXGroup;
			children = (
				460C70FF1DCA767800513F5F /* SignInViewController.swift */,
				460C71001DCA767800513F5F /* SignInViewInput.swift */,
				460C71011DCA767800513F5F /* SignInViewOutput.swift */,
			);
			path = View;
			sourceTree = "<group>";
		};
		460C71021DCA767800513F5F /* StartScreen */ = {
			isa = PBXGroup;
			children = (
				460C71031DCA767800513F5F /* Configurator */,
				460C71061DCA767800513F5F /* Interactor */,
				460C710A1DCA767800513F5F /* Presenter */,
				460C710C1DCA767800513F5F /* StartScreen.storyboard */,
				460C710D1DCA767800513F5F /* StartScreenFactory.swift */,
				460C710E1DCA767800513F5F /* View */,
			);
			path = StartScreen;
			sourceTree = "<group>";
		};
		460C71031DCA767800513F5F /* Configurator */ = {
			isa = PBXGroup;
			children = (
				460C71041DCA767800513F5F /* StartScreenConfigurator.swift */,
				460C71051DCA767800513F5F /* StartScreenInitializer.swift */,
			);
			path = Configurator;
			sourceTree = "<group>";
		};
		460C71061DCA767800513F5F /* Interactor */ = {
			isa = PBXGroup;
			children = (
				460C71071DCA767800513F5F /* StartScreenInteractor.swift */,
				460C71081DCA767800513F5F /* StartScreenInteractorInput.swift */,
				460C71091DCA767800513F5F /* StartScreenInteractorOutput.swift */,
			);
			path = Interactor;
			sourceTree = "<group>";
		};
		460C710A1DCA767800513F5F /* Presenter */ = {
			isa = PBXGroup;
			children = (
				460C710B1DCA767800513F5F /* StartScreenPresenter.swift */,
			);
			path = Presenter;
			sourceTree = "<group>";
		};
		460C710E1DCA767800513F5F /* View */ = {
			isa = PBXGroup;
			children = (
				460C710F1DCA767800513F5F /* StartScreenViewController.swift */,
				460C71101DCA767800513F5F /* StartScreenViewInput.swift */,
				460C71111DCA767800513F5F /* StartScreenViewOutput.swift */,
			);
			path = View;
			sourceTree = "<group>";
		};
		460C71121DCA767800513F5F /* UserProfile */ = {
			isa = PBXGroup;
			children = (
				460C71131DCA767800513F5F /* Configurator */,
				460C71161DCA767800513F5F /* Interactor */,
				460C711A1DCA767800513F5F /* Presenter */,
				460C711C1DCA767800513F5F /* UserProfile.storyboard */,
				460C711D1DCA767800513F5F /* UserProfileFactory.swift */,
				460C711E1DCA767800513F5F /* View */,
			);
			path = UserProfile;
			sourceTree = "<group>";
		};
		460C71131DCA767800513F5F /* Configurator */ = {
			isa = PBXGroup;
			children = (
				460C71141DCA767800513F5F /* UserProfileConfigurator.swift */,
				460C71151DCA767800513F5F /* UserProfileInitializer.swift */,
			);
			path = Configurator;
			sourceTree = "<group>";
		};
		460C71161DCA767800513F5F /* Interactor */ = {
			isa = PBXGroup;
			children = (
				460C71171DCA767800513F5F /* UserProfileInteractor.swift */,
				460C71181DCA767800513F5F /* UserProfileInteractorInput.swift */,
				460C71191DCA767800513F5F /* UserProfileInteractorOutput.swift */,
			);
			path = Interactor;
			sourceTree = "<group>";
		};
		460C711A1DCA767800513F5F /* Presenter */ = {
			isa = PBXGroup;
			children = (
				460C711B1DCA767800513F5F /* UserProfilePresenter.swift */,
			);
			path = Presenter;
			sourceTree = "<group>";
		};
		460C711E1DCA767800513F5F /* View */ = {
			isa = PBXGroup;
			children = (
				460C711F1DCA767800513F5F /* UserProfileViewController.swift */,
				460C71201DCA767800513F5F /* UserProfileViewInput.swift */,
				460C71211DCA767800513F5F /* UserProfileViewOutput.swift */,
			);
			path = View;
			sourceTree = "<group>";
		};
		467925401DB92DE700B31EE4 = {
			isa = PBXGroup;
			children = (
				4679254B1DB92DE700B31EE4 /* CleanSwiftSample */,
				467925601DB92DE700B31EE4 /* CleanSwiftSampleTests */,
				4679254A1DB92DE700B31EE4 /* Products */,
				24668075DEA6800B004C2B94 /* Pods */,
				C0A3189472174F76CCAD602D /* Frameworks */,
			);
			sourceTree = "<group>";
		};
		4679254A1DB92DE700B31EE4 /* Products */ = {
			isa = PBXGroup;
			children = (
				467925491DB92DE700B31EE4 /* CleanSwiftSample.app */,
				4679255D1DB92DE700B31EE4 /* CleanSwiftSampleTests.xctest */,
			);
			name = Products;
			sourceTree = "<group>";
		};
		4679254B1DB92DE700B31EE4 /* CleanSwiftSample */ = {
			isa = PBXGroup;
			children = (
				467925941DBA578400B31EE4 /* Utils */,
				467925701DB92F0400B31EE4 /* Core */,
				4679256D1DB92EFC00B31EE4 /* Services */,
				4679256C1DB92EF400B31EE4 /* Presentation */,
				4679254C1DB92DE700B31EE4 /* AppDelegate.swift */,
				467925531DB92DE700B31EE4 /* Assets.xcassets */,
				467925551DB92DE700B31EE4 /* LaunchScreen.storyboard */,
				467925581DB92DE700B31EE4 /* Info.plist */,
			);
			path = CleanSwiftSample;
			sourceTree = "<group>";
		};
		467925601DB92DE700B31EE4 /* CleanSwiftSampleTests */ = {
			isa = PBXGroup;
			children = (
				467925A11DBA586A00B31EE4 /* Services */,
				467925A21DBA586A00B31EE4 /* Utils */,
				467925A01DBA586000B31EE4 /* Core */,
				467925721DB92F2C00B31EE4 /* Presentation */,
				467925631DB92DE700B31EE4 /* Info.plist */,
			);
			path = CleanSwiftSampleTests;
			sourceTree = "<group>";
		};
		4679256C1DB92EF400B31EE4 /* Presentation */ = {
			isa = PBXGroup;
			children = (
				460C70F11DCA767800513F5F /* UserStories */,
			);
			path = Presentation;
			sourceTree = "<group>";
		};
		4679256D1DB92EFC00B31EE4 /* Services */ = {
			isa = PBXGroup;
			children = (
				467925981DBA57E900B31EE4 /* ServicesAssembly.swift */,
				467925991DBA57E900B31EE4 /* ServicesAssemblyProtocol.swift */,
				4679256E1DB92EFC00B31EE4 /* Settings */,
			);
			path = Services;
			sourceTree = "<group>";
		};
		4679256E1DB92EFC00B31EE4 /* Settings */ = {
			isa = PBXGroup;
			children = (
				4679259C1DBA57F200B31EE4 /* AppSettingsService.swift */,
				4679256F1DB92EFC00B31EE4 /* Impl */,
			);
			path = Settings;
			sourceTree = "<group>";
		};
		4679256F1DB92EFC00B31EE4 /* Impl */ = {
			isa = PBXGroup;
			children = (
				4679259E1DBA57F900B31EE4 /* AppSettingsServiceImpl.swift */,
			);
			path = Impl;
			sourceTree = "<group>";
		};
		467925701DB92F0400B31EE4 /* Core */ = {
			isa = PBXGroup;
			children = (
				467925711DB92F0400B31EE4 /* Routing */,
			);
			path = Core;
			sourceTree = "<group>";
		};
		467925711DB92F0400B31EE4 /* Routing */ = {
			isa = PBXGroup;
			children = (
				467925761DB92F8E00B31EE4 /* ModuleFactoryProtocol.swift */,
				467925771DB92F8E00B31EE4 /* ModuleInputProtocol.swift */,
				467925751DB92F8E00B31EE4 /* AppRouter.swift */,
			);
			path = Routing;
			sourceTree = "<group>";
		};
		467925721DB92F2C00B31EE4 /* Presentation */ = {
			isa = PBXGroup;
			children = (
				8BB3569B242E8E2D41A0F869 /* SignIn */,
				19BD96373E547B9724780B35 /* StartScreen */,
				C248B5A13366E65A3F05DD69 /* UserProfile */,
				F9D69384BD8BA723DD9B757E /* ShowBalance */,
			);
			path = Presentation;
			sourceTree = "<group>";
		};
		467925941DBA578400B31EE4 /* Utils */ = {
			isa = PBXGroup;
			children = (
				467925951DBA578400B31EE4 /* Parsers */,
			);
			path = Utils;
			sourceTree = "<group>";
		};
		467925951DBA578400B31EE4 /* Parsers */ = {
			isa = PBXGroup;
			children = (
				467925961DBA578400B31EE4 /* URNBuilder.swift */,
			);
			path = Parsers;
			sourceTree = "<group>";
		};
		467925A01DBA586000B31EE4 /* Core */ = {
			isa = PBXGroup;
			children = (
			);
			path = Core;
			sourceTree = "<group>";
		};
		467925A11DBA586A00B31EE4 /* Services */ = {
			isa = PBXGroup;
			children = (
			);
			path = Services;
			sourceTree = "<group>";
		};
		467925A21DBA586A00B31EE4 /* Utils */ = {
			isa = PBXGroup;
			children = (
				467925A31DBA586A00B31EE4 /* Parsers */,
			);
			path = Utils;
			sourceTree = "<group>";
		};
		467925A31DBA586A00B31EE4 /* Parsers */ = {
			isa = PBXGroup;
			children = (
				467925A41DBA586A00B31EE4 /* URNBuilderTests.swift */,
			);
			path = Parsers;
			sourceTree = "<group>";
		};
		4B910A627995037151D3A379 /* View */ = {
			isa = PBXGroup;
			children = (
				295566ECC432539470D19B07 /* ShowBalanceViewInput.swift */,
				78CD03D3C2D50BF29B656608 /* ShowBalanceViewOutput.swift */,
				D0021973241283D2335FAA27 /* ShowBalanceViewController.swift */,
			);
			path = View;
			sourceTree = "<group>";
		};
		4DB041E7A9A8718AF9EA4610 /* Configurator */ = {
			isa = PBXGroup;
			children = (
				E9EFA5237BA1C9880691BCC5 /* ShowBalanceConfiguratorTests.swift */,
			);
			path = Configurator;
			sourceTree = "<group>";
		};
		4EB35D1ED356B872D0C7C135 /* Configurator */ = {
			isa = PBXGroup;
			children = (
				7EA43120CA4CC9DF06990F36 /* UserProfileConfiguratorTests.swift */,
			);
			path = Configurator;
			sourceTree = "<group>";
		};
		5855934356CD9E53836C0460 /* Interactor */ = {
			isa = PBXGroup;
			children = (
				C629695DC9C4EE759B61F2AC /* SignInInteractorTests.swift */,
			);
			path = Interactor;
			sourceTree = "<group>";
		};
		71419B6E51A2004127481112 /* Configurator */ = {
			isa = PBXGroup;
			children = (
				A4EBCC5E3EFEADB8901013C8 /* ShowBalanceConfigurator.swift */,
				412BDF3623638EC1ECAAD485 /* ShowBalanceInitializer.swift */,
			);
			path = Configurator;
			sourceTree = "<group>";
		};
		84FD04BD1B02C94F7B42A513 /* Interactor */ = {
			isa = PBXGroup;
			children = (
				A547C93E7ACCE00E97363CFB /* ShowBalanceInteractorInput.swift */,
				201D36555A15881F338B1B50 /* ShowBalanceInteractorOutput.swift */,
				CF6C0C5C98D7A4E5C4A0621C /* ShowBalanceInteractor.swift */,
			);
			path = Interactor;
			sourceTree = "<group>";
		};
		8BB3569B242E8E2D41A0F869 /* SignIn */ = {
			isa = PBXGroup;
			children = (
				AD0A34DB65F947BF334F0B6A /* Configurator */,
				5855934356CD9E53836C0460 /* Interactor */,
			);
			path = SignIn;
			sourceTree = "<group>";
		};
		A43F97AF689D2E9828E56F9F /* Interactor */ = {
			isa = PBXGroup;
			children = (
				DBB2057A98A6DDDBEA515F12 /* UserProfileInteractorTests.swift */,
			);
			path = Interactor;
			sourceTree = "<group>";
		};
		AD0A34DB65F947BF334F0B6A /* Configurator */ = {
			isa = PBXGroup;
			children = (
				AEC68F6D266AFB99577C2C8E /* SignInConfiguratorTests.swift */,
			);
			path = Configurator;
			sourceTree = "<group>";
		};
		B5324817746CB39429861657 /* ShowBalance */ = {
			isa = PBXGroup;
			children = (
				68721EC392026244A43DC849 /* ShowBalanceFactory.swift */,
				4B910A627995037151D3A379 /* View */,
				03C5510B8073007563B13A1A /* Presenter */,
				84FD04BD1B02C94F7B42A513 /* Interactor */,
				71419B6E51A2004127481112 /* Configurator */,
			);
			path = ShowBalance;
			sourceTree = "<group>";
		};
		BC0146F5EBDF37D1AFCECE0F /* Configurator */ = {
			isa = PBXGroup;
			children = (
				FB66CCD9ACDCC92B7D388354 /* StartScreenConfiguratorTests.swift */,
			);
			path = Configurator;
			sourceTree = "<group>";
		};
		C0A3189472174F76CCAD602D /* Frameworks */ = {
			isa = PBXGroup;
			children = (
				ACFB4292F2D7B6C9EF7F029A /* Pods_CleanSwiftSample.framework */,
				3832E473BC362BDB07A4E90F /* Pods_CleanSwiftSampleTests.framework */,
			);
			name = Frameworks;
			sourceTree = "<group>";
		};
		C248B5A13366E65A3F05DD69 /* UserProfile */ = {
			isa = PBXGroup;
			children = (
				4EB35D1ED356B872D0C7C135 /* Configurator */,
				A43F97AF689D2E9828E56F9F /* Interactor */,
			);
			path = UserProfile;
			sourceTree = "<group>";
		};
		EF51E104712FC946355B29E0 /* Interactor */ = {
			isa = PBXGroup;
			children = (
				D35C683B624F22E4B56EE588 /* ShowBalanceInteractorTests.swift */,
			);
			path = Interactor;
			sourceTree = "<group>";
		};
		F9D69384BD8BA723DD9B757E /* ShowBalance */ = {
			isa = PBXGroup;
			children = (
				4DB041E7A9A8718AF9EA4610 /* Configurator */,
				EF51E104712FC946355B29E0 /* Interactor */,
			);
			path = ShowBalance;
			sourceTree = "<group>";
		};
/* End PBXGroup section */

/* Begin PBXNativeTarget section */
		467925481DB92DE700B31EE4 /* CleanSwiftSample */ = {
			isa = PBXNativeTarget;
			buildConfigurationList = 467925661DB92DE700B31EE4 /* Build configuration list for PBXNativeTarget "CleanSwiftSample" */;
			buildPhases = (
				01F95515C2A1829E4B788A5A /* [CP] Check Pods Manifest.lock */,
				467925451DB92DE700B31EE4 /* Sources */,
				467925461DB92DE700B31EE4 /* Frameworks */,
				467925471DB92DE700B31EE4 /* Resources */,
				CCC983BA5A35FC6AFA134367 /* [CP] Embed Pods Frameworks */,
				2359A4CCE4DE04CF225F87A8 /* [CP] Copy Pods Resources */,
			);
			buildRules = (
			);
			dependencies = (
			);
			name = CleanSwiftSample;
			productName = CleanSwiftSample;
			productReference = 467925491DB92DE700B31EE4 /* CleanSwiftSample.app */;
			productType = "com.apple.product-type.application";
		};
		4679255C1DB92DE700B31EE4 /* CleanSwiftSampleTests */ = {
			isa = PBXNativeTarget;
			buildConfigurationList = 467925691DB92DE700B31EE4 /* Build configuration list for PBXNativeTarget "CleanSwiftSampleTests" */;
			buildPhases = (
				67FB47E93D6791A3C1E065C5 /* [CP] Check Pods Manifest.lock */,
				467925591DB92DE700B31EE4 /* Sources */,
				4679255A1DB92DE700B31EE4 /* Frameworks */,
				4679255B1DB92DE700B31EE4 /* Resources */,
				3DFF6CAE2F73867D0665B873 /* [CP] Embed Pods Frameworks */,
				22C954468C2F0F28B5B27405 /* [CP] Copy Pods Resources */,
			);
			buildRules = (
			);
			dependencies = (
				4679255F1DB92DE700B31EE4 /* PBXTargetDependency */,
			);
			name = CleanSwiftSampleTests;
			productName = CleanSwiftSampleTests;
			productReference = 4679255D1DB92DE700B31EE4 /* CleanSwiftSampleTests.xctest */;
			productType = "com.apple.product-type.bundle.unit-test";
		};
/* End PBXNativeTarget section */

/* Begin PBXProject section */
		467925411DB92DE700B31EE4 /* Project object */ = {
			isa = PBXProject;
			attributes = {
				LastSwiftUpdateCheck = 0800;
				LastUpgradeCheck = 0810;
				ORGANIZATIONNAME = gavrilaf;
				TargetAttributes = {
					467925481DB92DE700B31EE4 = {
						CreatedOnToolsVersion = 8.0;
						ProvisioningStyle = Automatic;
					};
					4679255C1DB92DE700B31EE4 = {
						CreatedOnToolsVersion = 8.0;
						ProvisioningStyle = Automatic;
						TestTargetID = 467925481DB92DE700B31EE4;
					};
				};
			};
			buildConfigurationList = 467925441DB92DE700B31EE4 /* Build configuration list for PBXProject "CleanSwiftSample" */;
			compatibilityVersion = "Xcode 3.2";
			developmentRegion = English;
			hasScannedForEncodings = 0;
			knownRegions = (
				en,
				Base,
			);
			mainGroup = 467925401DB92DE700B31EE4;
			productRefGroup = 4679254A1DB92DE700B31EE4 /* Products */;
			projectDirPath = "";
			projectRoot = "";
			targets = (
				467925481DB92DE700B31EE4 /* CleanSwiftSample */,
				4679255C1DB92DE700B31EE4 /* CleanSwiftSampleTests */,
			);
		};
/* End PBXProject section */

/* Begin PBXResourcesBuildPhase section */
		467925471DB92DE700B31EE4 /* Resources */ = {
			isa = PBXResourcesBuildPhase;
			buildActionMask = 2147483647;
			files = (
				467925571DB92DE700B31EE4 /* LaunchScreen.storyboard in Resources */,
				460C71281DCA767800513F5F /* SignIn.storyboard in Resources */,
				467925541DB92DE700B31EE4 /* Assets.xcassets in Resources */,
				460C71331DCA767800513F5F /* StartScreen.storyboard in Resources */,
				460C713E1DCA767800513F5F /* UserProfile.storyboard in Resources */,
			);
			runOnlyForDeploymentPostprocessing = 0;
		};
		4679255B1DB92DE700B31EE4 /* Resources */ = {
			isa = PBXResourcesBuildPhase;
			buildActionMask = 2147483647;
			files = (
			);
			runOnlyForDeploymentPostprocessing = 0;
		};
/* End PBXResourcesBuildPhase section */

/* Begin PBXShellScriptBuildPhase section */
		01F95515C2A1829E4B788A5A /* [CP] Check Pods Manifest.lock */ = {
			isa = PBXShellScriptBuildPhase;
			buildActionMask = 2147483647;
			files = (
			);
			inputPaths = (
			);
			name = "[CP] Check Pods Manifest.lock";
			outputPaths = (
			);
			runOnlyForDeploymentPostprocessing = 0;
			shellPath = /bin/sh;
			shellScript = "diff \"${PODS_ROOT}/../Podfile.lock\" \"${PODS_ROOT}/Manifest.lock\" > /dev/null\nif [ $? != 0 ] ; then\n    # print error to STDERR\n    echo \"error: The sandbox is not in sync with the Podfile.lock. Run 'pod install' or update your CocoaPods installation.\" >&2\n    exit 1\nfi\n";
			showEnvVarsInLog = 0;
		};
		22C954468C2F0F28B5B27405 /* [CP] Copy Pods Resources */ = {
			isa = PBXShellScriptBuildPhase;
			buildActionMask = 2147483647;
			files = (
			);
			inputPaths = (
			);
			name = "[CP] Copy Pods Resources";
			outputPaths = (
			);
			runOnlyForDeploymentPostprocessing = 0;
			shellPath = /bin/sh;
			shellScript = "\"${SRCROOT}/Pods/Target Support Files/Pods-CleanSwiftSampleTests/Pods-CleanSwiftSampleTests-resources.sh\"\n";
			showEnvVarsInLog = 0;
		};
		2359A4CCE4DE04CF225F87A8 /* [CP] Copy Pods Resources */ = {
			isa = PBXShellScriptBuildPhase;
			buildActionMask = 2147483647;
			files = (
			);
			inputPaths = (
			);
			name = "[CP] Copy Pods Resources";
			outputPaths = (
			);
			runOnlyForDeploymentPostprocessing = 0;
			shellPath = /bin/sh;
			shellScript = "\"${SRCROOT}/Pods/Target Support Files/Pods-CleanSwiftSample/Pods-CleanSwiftSample-resources.sh\"\n";
			showEnvVarsInLog = 0;
		};
		3DFF6CAE2F73867D0665B873 /* [CP] Embed Pods Frameworks */ = {
			isa = PBXShellScriptBuildPhase;
			buildActionMask = 2147483647;
			files = (
			);
			inputPaths = (
			);
			name = "[CP] Embed Pods Frameworks";
			outputPaths = (
			);
			runOnlyForDeploymentPostprocessing = 0;
			shellPath = /bin/sh;
			shellScript = "\"${SRCROOT}/Pods/Target Support Files/Pods-CleanSwiftSampleTests/Pods-CleanSwiftSampleTests-frameworks.sh\"\n";
			showEnvVarsInLog = 0;
		};
		67FB47E93D6791A3C1E065C5 /* [CP] Check Pods Manifest.lock */ = {
			isa = PBXShellScriptBuildPhase;
			buildActionMask = 2147483647;
			files = (
			);
			inputPaths = (
			);
			name = "[CP] Check Pods Manifest.lock";
			outputPaths = (
			);
			runOnlyForDeploymentPostprocessing = 0;
			shellPath = /bin/sh;
			shellScript = "diff \"${PODS_ROOT}/../Podfile.lock\" \"${PODS_ROOT}/Manifest.lock\" > /dev/null\nif [ $? != 0 ] ; then\n    # print error to STDERR\n    echo \"error: The sandbox is not in sync with the Podfile.lock. Run 'pod install' or update your CocoaPods installation.\" >&2\n    exit 1\nfi\n";
			showEnvVarsInLog = 0;
		};
		CCC983BA5A35FC6AFA134367 /* [CP] Embed Pods Frameworks */ = {
			isa = PBXShellScriptBuildPhase;
			buildActionMask = 2147483647;
			files = (
			);
			inputPaths = (
			);
			name = "[CP] Embed Pods Frameworks";
			outputPaths = (
			);
			runOnlyForDeploymentPostprocessing = 0;
			shellPath = /bin/sh;
			shellScript = "\"${SRCROOT}/Pods/Target Support Files/Pods-CleanSwiftSample/Pods-CleanSwiftSample-frameworks.sh\"\n";
			showEnvVarsInLog = 0;
		};
/* End PBXShellScriptBuildPhase section */

/* Begin PBXSourcesBuildPhase section */
		467925451DB92DE700B31EE4 /* Sources */ = {
			isa = PBXSourcesBuildPhase;
			buildActionMask = 2147483647;
			files = (
				4679257A1DB92F8E00B31EE4 /* ModuleInputProtocol.swift in Sources */,
				460C713A1DCA767800513F5F /* UserProfileInteractor.swift in Sources */,
				460C712B1DCA767800513F5F /* SignInViewInput.swift in Sources */,
				460C71361DCA767800513F5F /* StartScreenViewInput.swift in Sources */,
				460C71311DCA767800513F5F /* StartScreenInteractorOutput.swift in Sources */,
				460C71391DCA767800513F5F /* UserProfileInitializer.swift in Sources */,
				460C712C1DCA767800513F5F /* SignInViewOutput.swift in Sources */,
				460C71301DCA767800513F5F /* StartScreenInteractorInput.swift in Sources */,
				467925781DB92F8E00B31EE4 /* AppRouter.swift in Sources */,
				460C71381DCA767800513F5F /* UserProfileConfigurator.swift in Sources */,
				460C71401DCA767800513F5F /* UserProfileViewController.swift in Sources */,
				460C71221DCA767800513F5F /* SignInConfigurator.swift in Sources */,
				460C71421DCA767800513F5F /* UserProfileViewOutput.swift in Sources */,
				467925791DB92F8E00B31EE4 /* ModuleFactoryProtocol.swift in Sources */,
				460C713C1DCA767800513F5F /* UserProfileInteractorOutput.swift in Sources */,
				460C71371DCA767800513F5F /* StartScreenViewOutput.swift in Sources */,
				4679254D1DB92DE700B31EE4 /* AppDelegate.swift in Sources */,
				467925971DBA578400B31EE4 /* URNBuilder.swift in Sources */,
				460C713D1DCA767800513F5F /* UserProfilePresenter.swift in Sources */,
				4679259F1DBA57F900B31EE4 /* AppSettingsServiceImpl.swift in Sources */,
				460C712A1DCA767800513F5F /* SignInViewController.swift in Sources */,
				460C713F1DCA767800513F5F /* UserProfileFactory.swift in Sources */,
				460C71231DCA767800513F5F /* SignInInitializer.swift in Sources */,
				460C71241DCA767800513F5F /* SignInInteractor.swift in Sources */,
				460C71271DCA767800513F5F /* SignInPresenter.swift in Sources */,
				460C712D1DCA767800513F5F /* StartScreenConfigurator.swift in Sources */,
				460C712E1DCA767800513F5F /* StartScreenInitializer.swift in Sources */,
				460C71341DCA767800513F5F /* StartScreenFactory.swift in Sources */,
				460C71321DCA767800513F5F /* StartScreenPresenter.swift in Sources */,
				460C71261DCA767800513F5F /* SignInInteractorOutput.swift in Sources */,
				4679259B1DBA57E900B31EE4 /* ServicesAssemblyProtocol.swift in Sources */,
				460C71351DCA767800513F5F /* StartScreenViewController.swift in Sources */,
				460C71251DCA767800513F5F /* SignInInteractorInput.swift in Sources */,
				4679259A1DBA57E900B31EE4 /* ServicesAssembly.swift in Sources */,
				460C713B1DCA767800513F5F /* UserProfileInteractorInput.swift in Sources */,
				460C712F1DCA767800513F5F /* StartScreenInteractor.swift in Sources */,
				460C71291DCA767800513F5F /* SignInFactory.swift in Sources */,
				460C71411DCA767800513F5F /* UserProfileViewInput.swift in Sources */,
				4679259D1DBA57F200B31EE4 /* AppSettingsService.swift in Sources */,
				5C8A6E0325E58CC2BFF4C058 /* ShowBalanceFactory.swift in Sources */,
				8F2A86ACF6391054A2BE1440 /* ShowBalanceViewInput.swift in Sources */,
				ECBACC53989FDF7A8803EF13 /* ShowBalanceViewOutput.swift in Sources */,
				9384C92F7B107C90C74CF806 /* ShowBalanceViewController.swift in Sources */,
				86E03C1C1ED54653574EF1AB /* ShowBalancePresenter.swift in Sources */,
				6A28901C6097069C4D577AA8 /* ShowBalanceInteractorInput.swift in Sources */,
				F621767C22F3583590478F23 /* ShowBalanceInteractorOutput.swift in Sources */,
				E5AD1B17719F4243F9D203B5 /* ShowBalanceInteractor.swift in Sources */,
				BDEE72CD5C5F5DECB7992761 /* ShowBalanceConfigurator.swift in Sources */,
				7FB428DEF4E47924F8D53D93 /* ShowBalanceInitializer.swift in Sources */,
			);
			runOnlyForDeploymentPostprocessing = 0;
		};
		467925591DB92DE700B31EE4 /* Sources */ = {
			isa = PBXSourcesBuildPhase;
			buildActionMask = 2147483647;
			files = (
				8FB8087849F7F91E487BA3A9 /* SignInConfiguratorTests.swift in Sources */,
				B7A211E0DE502997396D0F49 /* SignInInteractorTests.swift in Sources */,
				2E208359546AB28A44529813 /* StartScreenConfiguratorTests.swift in Sources */,
				BE735BDA1F9439F83D3A2198 /* StartScreenInteractorTests.swift in Sources */,
				38195C85AAE38DC82002F5F9 /* UserProfileConfiguratorTests.swift in Sources */,
				E01610A30B9FE9A661746778 /* UserProfileInteractorTests.swift in Sources */,
				467925A51DBA586A00B31EE4 /* URNBuilderTests.swift in Sources */,
				7F3A0C02C76BAB24329AED42 /* ShowBalanceConfiguratorTests.swift in Sources */,
				71F1D0DC10C9DD9E1F35F32C /* ShowBalanceInteractorTests.swift in Sources */,
			);
			runOnlyForDeploymentPostprocessing = 0;
		};
/* End PBXSourcesBuildPhase section */

/* Begin PBXTargetDependency section */
		4679255F1DB92DE700B31EE4 /* PBXTargetDependency */ = {
			isa = PBXTargetDependency;
			target = 467925481DB92DE700B31EE4 /* CleanSwiftSample */;
			targetProxy = 4679255E1DB92DE700B31EE4 /* PBXContainerItemProxy */;
		};
/* End PBXTargetDependency section */

/* Begin PBXVariantGroup section */
		467925551DB92DE700B31EE4 /* LaunchScreen.storyboard */ = {
			isa = PBXVariantGroup;
			children = (
				467925561DB92DE700B31EE4 /* Base */,
			);
			name = LaunchScreen.storyboard;
			sourceTree = "<group>";
		};
/* End PBXVariantGroup section */

/* Begin XCBuildConfiguration section */
		467925641DB92DE700B31EE4 /* Debug */ = {
			isa = XCBuildConfiguration;
			buildSettings = {
				ALWAYS_SEARCH_USER_PATHS = NO;
				CLANG_ANALYZER_NONNULL = YES;
				CLANG_CXX_LANGUAGE_STANDARD = "gnu++0x";
				CLANG_CXX_LIBRARY = "libc++";
				CLANG_ENABLE_MODULES = YES;
				CLANG_ENABLE_OBJC_ARC = YES;
				CLANG_WARN_BOOL_CONVERSION = YES;
				CLANG_WARN_CONSTANT_CONVERSION = YES;
				CLANG_WARN_DIRECT_OBJC_ISA_USAGE = YES_ERROR;
				CLANG_WARN_DOCUMENTATION_COMMENTS = YES;
				CLANG_WARN_EMPTY_BODY = YES;
				CLANG_WARN_ENUM_CONVERSION = YES;
				CLANG_WARN_INFINITE_RECURSION = YES;
				CLANG_WARN_INT_CONVERSION = YES;
				CLANG_WARN_OBJC_ROOT_CLASS = YES_ERROR;
				CLANG_WARN_SUSPICIOUS_MOVE = YES;
				CLANG_WARN_SUSPICIOUS_MOVES = YES;
				CLANG_WARN_UNREACHABLE_CODE = YES;
				CLANG_WARN__DUPLICATE_METHOD_MATCH = YES;
				"CODE_SIGN_IDENTITY[sdk=iphoneos*]" = "iPhone Developer";
				COPY_PHASE_STRIP = NO;
				DEBUG_INFORMATION_FORMAT = dwarf;
				ENABLE_STRICT_OBJC_MSGSEND = YES;
				ENABLE_TESTABILITY = YES;
				GCC_C_LANGUAGE_STANDARD = gnu99;
				GCC_DYNAMIC_NO_PIC = NO;
				GCC_NO_COMMON_BLOCKS = YES;
				GCC_OPTIMIZATION_LEVEL = 0;
				GCC_PREPROCESSOR_DEFINITIONS = (
					"DEBUG=1",
					"$(inherited)",
				);
				GCC_WARN_64_TO_32_BIT_CONVERSION = YES;
				GCC_WARN_ABOUT_RETURN_TYPE = YES_ERROR;
				GCC_WARN_UNDECLARED_SELECTOR = YES;
				GCC_WARN_UNINITIALIZED_AUTOS = YES_AGGRESSIVE;
				GCC_WARN_UNUSED_FUNCTION = YES;
				GCC_WARN_UNUSED_VARIABLE = YES;
				IPHONEOS_DEPLOYMENT_TARGET = 10.0;
				MTL_ENABLE_DEBUG_INFO = YES;
				ONLY_ACTIVE_ARCH = YES;
				SDKROOT = iphoneos;
				SWIFT_ACTIVE_COMPILATION_CONDITIONS = DEBUG;
				SWIFT_OPTIMIZATION_LEVEL = "-Onone";
				TARGETED_DEVICE_FAMILY = "1,2";
			};
			name = Debug;
		};
		467925651DB92DE700B31EE4 /* Release */ = {
			isa = XCBuildConfiguration;
			buildSettings = {
				ALWAYS_SEARCH_USER_PATHS = NO;
				CLANG_ANALYZER_NONNULL = YES;
				CLANG_CXX_LANGUAGE_STANDARD = "gnu++0x";
				CLANG_CXX_LIBRARY = "libc++";
				CLANG_ENABLE_MODULES = YES;
				CLANG_ENABLE_OBJC_ARC = YES;
				CLANG_WARN_BOOL_CONVERSION = YES;
				CLANG_WARN_CONSTANT_CONVERSION = YES;
				CLANG_WARN_DIRECT_OBJC_ISA_USAGE = YES_ERROR;
				CLANG_WARN_DOCUMENTATION_COMMENTS = YES;
				CLANG_WARN_EMPTY_BODY = YES;
				CLANG_WARN_ENUM_CONVERSION = YES;
				CLANG_WARN_INFINITE_RECURSION = YES;
				CLANG_WARN_INT_CONVERSION = YES;
				CLANG_WARN_OBJC_ROOT_CLASS = YES_ERROR;
				CLANG_WARN_SUSPICIOUS_MOVE = YES;
				CLANG_WARN_SUSPICIOUS_MOVES = YES;
				CLANG_WARN_UNREACHABLE_CODE = YES;
				CLANG_WARN__DUPLICATE_METHOD_MATCH = YES;
				"CODE_SIGN_IDENTITY[sdk=iphoneos*]" = "iPhone Developer";
				COPY_PHASE_STRIP = NO;
				DEBUG_INFORMATION_FORMAT = "dwarf-with-dsym";
				ENABLE_NS_ASSERTIONS = NO;
				ENABLE_STRICT_OBJC_MSGSEND = YES;
				GCC_C_LANGUAGE_STANDARD = gnu99;
				GCC_NO_COMMON_BLOCKS = YES;
				GCC_WARN_64_TO_32_BIT_CONVERSION = YES;
				GCC_WARN_ABOUT_RETURN_TYPE = YES_ERROR;
				GCC_WARN_UNDECLARED_SELECTOR = YES;
				GCC_WARN_UNINITIALIZED_AUTOS = YES_AGGRESSIVE;
				GCC_WARN_UNUSED_FUNCTION = YES;
				GCC_WARN_UNUSED_VARIABLE = YES;
				IPHONEOS_DEPLOYMENT_TARGET = 10.0;
				MTL_ENABLE_DEBUG_INFO = NO;
				SDKROOT = iphoneos;
				SWIFT_OPTIMIZATION_LEVEL = "-Owholemodule";
				TARGETED_DEVICE_FAMILY = "1,2";
				VALIDATE_PRODUCT = YES;
			};
			name = Release;
		};
		467925671DB92DE700B31EE4 /* Debug */ = {
			isa = XCBuildConfiguration;
			baseConfigurationReference = A089F3D729395845CDD83513 /* Pods-CleanSwiftSample.debug.xcconfig */;
			buildSettings = {
				ALWAYS_EMBED_SWIFT_STANDARD_LIBRARIES = YES;
				ASSETCATALOG_COMPILER_APPICON_NAME = AppIcon;
				INFOPLIST_FILE = CleanSwiftSample/Info.plist;
				LD_RUNPATH_SEARCH_PATHS = "$(inherited) @executable_path/Frameworks";
				PRODUCT_BUNDLE_IDENTIFIER = github.com.CleanSwiftSample;
				PRODUCT_NAME = "$(TARGET_NAME)";
				SWIFT_VERSION = 3.0;
			};
			name = Debug;
		};
		467925681DB92DE700B31EE4 /* Release */ = {
			isa = XCBuildConfiguration;
			baseConfigurationReference = 3980FFCB944727A629F6969F /* Pods-CleanSwiftSample.release.xcconfig */;
			buildSettings = {
				ALWAYS_EMBED_SWIFT_STANDARD_LIBRARIES = YES;
				ASSETCATALOG_COMPILER_APPICON_NAME = AppIcon;
				INFOPLIST_FILE = CleanSwiftSample/Info.plist;
				LD_RUNPATH_SEARCH_PATHS = "$(inherited) @executable_path/Frameworks";
				PRODUCT_BUNDLE_IDENTIFIER = github.com.CleanSwiftSample;
				PRODUCT_NAME = "$(TARGET_NAME)";
				SWIFT_VERSION = 3.0;
			};
			name = Release;
		};
		4679256A1DB92DE700B31EE4 /* Debug */ = {
			isa = XCBuildConfiguration;
			baseConfigurationReference = 68F21CEDB4E9EE5D021E683A /* Pods-CleanSwiftSampleTests.debug.xcconfig */;
			buildSettings = {
				ALWAYS_EMBED_SWIFT_STANDARD_LIBRARIES = YES;
				BUNDLE_LOADER = "$(TEST_HOST)";
				INFOPLIST_FILE = CleanSwiftSampleTests/Info.plist;
				LD_RUNPATH_SEARCH_PATHS = "$(inherited) @executable_path/Frameworks @loader_path/Frameworks";
				PRODUCT_BUNDLE_IDENTIFIER = github.com.CleanSwiftSampleTests;
				PRODUCT_NAME = "$(TARGET_NAME)";
				SWIFT_VERSION = 3.0;
				TEST_HOST = "$(BUILT_PRODUCTS_DIR)/CleanSwiftSample.app/CleanSwiftSample";
			};
			name = Debug;
		};
		4679256B1DB92DE700B31EE4 /* Release */ = {
			isa = XCBuildConfiguration;
			baseConfigurationReference = 51AAACAB53D5CABEA92B46E0 /* Pods-CleanSwiftSampleTests.release.xcconfig */;
			buildSettings = {
				ALWAYS_EMBED_SWIFT_STANDARD_LIBRARIES = YES;
				BUNDLE_LOADER = "$(TEST_HOST)";
				INFOPLIST_FILE = CleanSwiftSampleTests/Info.plist;
				LD_RUNPATH_SEARCH_PATHS = "$(inherited) @executable_path/Frameworks @loader_path/Frameworks";
				PRODUCT_BUNDLE_IDENTIFIER = github.com.CleanSwiftSampleTests;
				PRODUCT_NAME = "$(TARGET_NAME)";
				SWIFT_VERSION = 3.0;
				TEST_HOST = "$(BUILT_PRODUCTS_DIR)/CleanSwiftSample.app/CleanSwiftSample";
			};
			name = Release;
		};
/* End XCBuildConfiguration section */

/* Begin XCConfigurationList section */
		467925441DB92DE700B31EE4 /* Build configuration list for PBXProject "CleanSwiftSample" */ = {
			isa = XCConfigurationList;
			buildConfigurations = (
				467925641DB92DE700B31EE4 /* Debug */,
				467925651DB92DE700B31EE4 /* Release */,
			);
			defaultConfigurationIsVisible = 0;
			defaultConfigurationName = Release;
		};
		467925661DB92DE700B31EE4 /* Build configuration list for PBXNativeTarget "CleanSwiftSample" */ = {
			isa = XCConfigurationList;
			buildConfigurations = (
				467925671DB92DE700B31EE4 /* Debug */,
				467925681DB92DE700B31EE4 /* Release */,
			);
			defaultConfigurationIsVisible = 0;
			defaultConfigurationName = Release;
		};
		467925691DB92DE700B31EE4 /* Build configuration list for PBXNativeTarget "CleanSwiftSampleTests" */ = {
			isa = XCConfigurationList;
			buildConfigurations = (
				4679256A1DB92DE700B31EE4 /* Debug */,
				4679256B1DB92DE700B31EE4 /* Release */,
			);
			defaultConfigurationIsVisible = 0;
			defaultConfigurationName = Release;
		};
/* End XCConfigurationList section */
	};
	rootObject = 467925411DB92DE700B31EE4 /* Project object */;
}
